// !$*UTF8*$!
{
	archiveVersion = 1;
	classes = {
	};
	objectVersion = 46;
	objects = {

/* Begin PBXBuildFile section */
		230C477D18948FA4007D56FC /* QuartzCore.framework in Frameworks */ = {isa = PBXBuildFile; fileRef = 238A94D317A121B70081EF6D /* QuartzCore.framework */; };
		230C477F18948FBD007D56FC /* CoreVideo.framework in Frameworks */ = {isa = PBXBuildFile; fileRef = 230C477E18948FBD007D56FC /* CoreVideo.framework */; };
		230C478118948FC6007D56FC /* CoreMedia.framework in Frameworks */ = {isa = PBXBuildFile; fileRef = 230C478018948FC6007D56FC /* CoreMedia.framework */; };
		230C478218948FCE007D56FC /* OpenGLES.framework in Frameworks */ = {isa = PBXBuildFile; fileRef = 238A94D517A121C30081EF6D /* OpenGLES.framework */; };
		230C478418948FD7007D56FC /* AVFoundation.framework in Frameworks */ = {isa = PBXBuildFile; fileRef = 230C478318948FD7007D56FC /* AVFoundation.framework */; };
		232AE18E1891E40100D3F018 /* QueryTableViewController.m in Sources */ = {isa = PBXBuildFile; fileRef = 232AE18D1891E40100D3F018 /* QueryTableViewController.m */; };
		232AE1911891EE7400D3F018 /* AddQueryTableViewController.m in Sources */ = {isa = PBXBuildFile; fileRef = 232AE1901891EE7400D3F018 /* AddQueryTableViewController.m */; };
		232AE194189206C000D3F018 /* UITextField+UniqueString.m in Sources */ = {isa = PBXBuildFile; fileRef = 232AE193189206C000D3F018 /* UITextField+UniqueString.m */; };
		232B0FA5178C356700A7B3DC /* TorrentDetailViewController.m in Sources */ = {isa = PBXBuildFile; fileRef = 232B0FA4178C356700A7B3DC /* TorrentDetailViewController.m */; };
		23314152177FE95E0062B0FE /* gear.png in Resources */ = {isa = PBXBuildFile; fileRef = 23314150177FE95E0062B0FE /* gear.png */; };
		23314153177FE95E0062B0FE /* gear@2x.png in Resources */ = {isa = PBXBuildFile; fileRef = 23314151177FE95E0062B0FE /* gear@2x.png */; };
		2346A5A418A8C2F0005EE9C0 /* AdBlocker.plist in Resources */ = {isa = PBXBuildFile; fileRef = 2346A5A318A8C2F0005EE9C0 /* AdBlocker.plist */; };
		2351200A1769C49000A3DE2C /* Main.storyboard in Resources */ = {isa = PBXBuildFile; fileRef = 235120071769C49000A3DE2C /* Main.storyboard */; };
		235527571871718300A9E6BC /* UIButtonBarPause.png in Resources */ = {isa = PBXBuildFile; fileRef = 235527531871718300A9E6BC /* UIButtonBarPause.png */; };
		235527581871718300A9E6BC /* UIButtonBarPause@2x.png in Resources */ = {isa = PBXBuildFile; fileRef = 235527541871718300A9E6BC /* UIButtonBarPause@2x.png */; };
		235527591871718300A9E6BC /* UIButtonBarPlay.png in Resources */ = {isa = PBXBuildFile; fileRef = 235527551871718300A9E6BC /* UIButtonBarPlay.png */; };
		2355275A1871718300A9E6BC /* UIButtonBarPlay@2x.png in Resources */ = {isa = PBXBuildFile; fileRef = 235527561871718300A9E6BC /* UIButtonBarPlay@2x.png */; };
		2355275D18722A8600A9E6BC /* info.png in Resources */ = {isa = PBXBuildFile; fileRef = 2355275B18722A8600A9E6BC /* info.png */; };
		2355275E18722A8600A9E6BC /* info@2x.png in Resources */ = {isa = PBXBuildFile; fileRef = 2355275C18722A8600A9E6BC /* info@2x.png */; };
		235527641872568D00A9E6BC /* AboutViewController.m in Sources */ = {isa = PBXBuildFile; fileRef = 235527631872568D00A9E6BC /* AboutViewController.m */; };
		235527661872723700A9E6BC /* Images.xcassets in Resources */ = {isa = PBXBuildFile; fileRef = 235527651872723700A9E6BC /* Images.xcassets */; };
		2363424218C485A700F66225 /* LICENSE.txt in Resources */ = {isa = PBXBuildFile; fileRef = 2363424118C485A700F66225 /* LICENSE.txt */; };
		2374DD9E1796F23100F613EB /* MessageUI.framework in Frameworks */ = {isa = PBXBuildFile; fileRef = 2374DD9D1796F23100F613EB /* MessageUI.framework */; };
		237570B11877B742008217BF /* UIButtonBarStop.png in Resources */ = {isa = PBXBuildFile; fileRef = 237570AF1877B742008217BF /* UIButtonBarStop.png */; };
		237570B21877B742008217BF /* UIButtonBarStop@2x.png in Resources */ = {isa = PBXBuildFile; fileRef = 237570B01877B742008217BF /* UIButtonBarStop@2x.png */; };
		2379763F19654AF500279520 /* ruTorrentHTTPRPC.m in Sources */ = {isa = PBXBuildFile; fileRef = 2379763E19654AF500279520 /* ruTorrentHTTPRPC.m */; };
		2396C92B1895EA88009BC6D3 /* UIFastProgressBar.m in Sources */ = {isa = PBXBuildFile; fileRef = 2396C92A1895EA88009BC6D3 /* UIFastProgressBar.m */; };
		23A868F218BF36F70066E383 /* libNSBencodeSerialization.a in Frameworks */ = {isa = PBXBuildFile; fileRef = 23A868EF18BF36DB0066E383 /* libNSBencodeSerialization.a */; };
		23A868F718BF383E0066E383 /* NSNumber+TransferRateFormatting.m in Sources */ = {isa = PBXBuildFile; fileRef = 23A868F418BF383E0066E383 /* NSNumber+TransferRateFormatting.m */; };
		23A868F818BF383E0066E383 /* NSOption.m in Sources */ = {isa = PBXBuildFile; fileRef = 23A868F618BF383E0066E383 /* NSOption.m */; };
		23A868FB18BF38750066E383 /* NSArray+Functions.m in Sources */ = {isa = PBXBuildFile; fileRef = 23A868FA18BF38750066E383 /* NSArray+Functions.m */; };
		23A868FE18BF38800066E383 /* ConnectionHandler.m in Sources */ = {isa = PBXBuildFile; fileRef = 23A868FD18BF38800066E383 /* ConnectionHandler.m */; };
		23A8690318BF388D0066E383 /* TorrentFileHandler.m in Sources */ = {isa = PBXBuildFile; fileRef = 23A8690018BF388D0066E383 /* TorrentFileHandler.m */; };
		23A8690418BF388D0066E383 /* TorrentJobChecker.m in Sources */ = {isa = PBXBuildFile; fileRef = 23A8690218BF388D0066E383 /* TorrentJobChecker.m */; };
		23A8690718BF389D0066E383 /* TorrentDelegate.m in Sources */ = {isa = PBXBuildFile; fileRef = 23A8690618BF389D0066E383 /* TorrentDelegate.m */; };
		23A8690A18BF38A90066E383 /* NSData+BEncode.m in Sources */ = {isa = PBXBuildFile; fileRef = 23A8690918BF38A90066E383 /* NSData+BEncode.m */; };
		23A8691018BF38BA0066E383 /* StringHandler.m in Sources */ = {isa = PBXBuildFile; fileRef = 23A8690F18BF38BA0066E383 /* StringHandler.m */; };
		23A8691318BF38C10066E383 /* TorrentClient.m in Sources */ = {isa = PBXBuildFile; fileRef = 23A8691218BF38C10066E383 /* TorrentClient.m */; };
		23A8691618BF38CC0066E383 /* Deluge.m in Sources */ = {isa = PBXBuildFile; fileRef = 23A8691518BF38CC0066E383 /* Deluge.m */; };
		23A8691918BF38D40066E383 /* qBittorrent.m in Sources */ = {isa = PBXBuildFile; fileRef = 23A8691818BF38D40066E383 /* qBittorrent.m */; };
		23A8691C18BF38DF0066E383 /* ruTorrent.m in Sources */ = {isa = PBXBuildFile; fileRef = 23A8691B18BF38DF0066E383 /* ruTorrent.m */; };
		23A8691F18BF38E90066E383 /* Synology.m in Sources */ = {isa = PBXBuildFile; fileRef = 23A8691E18BF38E90066E383 /* Synology.m */; };
		23A8692218BF38F30066E383 /* Transmission.m in Sources */ = {isa = PBXBuildFile; fileRef = 23A8692118BF38F30066E383 /* Transmission.m */; };
		23A8692518BF38FD0066E383 /* uTorrent.m in Sources */ = {isa = PBXBuildFile; fileRef = 23A8692418BF38FD0066E383 /* uTorrent.m */; };
		23A8692818BF390A0066E383 /* VuzeRemoteUI.m in Sources */ = {isa = PBXBuildFile; fileRef = 23A8692718BF390A0066E383 /* VuzeRemoteUI.m */; };
		23A8692C18BF39BD0066E383 /* QueryCell.m in Sources */ = {isa = PBXBuildFile; fileRef = 23A8692B18BF39BD0066E383 /* QueryCell.m */; };
		23A94F22183CD6B7004A3924 /* UINavigationControllerNoAutoRotation.m in Sources */ = {isa = PBXBuildFile; fileRef = 23A94F21183CD6B7004A3924 /* UINavigationControllerNoAutoRotation.m */; };
		23AC2B22175D835600FCFA71 /* UIKit.framework in Frameworks */ = {isa = PBXBuildFile; fileRef = 23AC2B21175D835600FCFA71 /* UIKit.framework */; };
		23AC2B24175D835600FCFA71 /* Foundation.framework in Frameworks */ = {isa = PBXBuildFile; fileRef = 23AC2B23175D835600FCFA71 /* Foundation.framework */; };
		23AC2B2C175D835600FCFA71 /* InfoPlist.strings in Resources */ = {isa = PBXBuildFile; fileRef = 23AC2B2A175D835600FCFA71 /* InfoPlist.strings */; };
		23AC2B2E175D835600FCFA71 /* main.m in Sources */ = {isa = PBXBuildFile; fileRef = 23AC2B2D175D835600FCFA71 /* main.m */; };
		23AC2B32175D835600FCFA71 /* AppDelegate.m in Sources */ = {isa = PBXBuildFile; fileRef = 23AC2B31175D835600FCFA71 /* AppDelegate.m */; };
		23AC2B41175D835600FCFA71 /* TorrentJobsTableViewController.m in Sources */ = {isa = PBXBuildFile; fileRef = 23AC2B40175D835600FCFA71 /* TorrentJobsTableViewController.m */; };
		23AF74E01796D5F700AC4ED5 /* StaticDataTableViewController.m in Sources */ = {isa = PBXBuildFile; fileRef = 23AF74DF1796D5F700AC4ED5 /* StaticDataTableViewController.m */; };
		23B35F861894A115002F6E37 /* ScanQRCodeViewController.m in Sources */ = {isa = PBXBuildFile; fileRef = 23B35F851894A115002F6E37 /* ScanQRCodeViewController.m */; };
		23DF81CC18C1F4FA005BAB1C /* rTorrentXMLRPC.m in Sources */ = {isa = PBXBuildFile; fileRef = 23DF81CB18C1F4FA005BAB1C /* rTorrentXMLRPC.m */; };
		23DF81CF18C2C71D005BAB1C /* SeedStuffSeedbox.m in Sources */ = {isa = PBXBuildFile; fileRef = 23DF81CE18C2C71D005BAB1C /* SeedStuffSeedbox.m */; };
		23F0377918C153BD00B4D289 /* SVWebViewController.strings in Resources */ = {isa = PBXBuildFile; fileRef = 23F0375C18C153BD00B4D289 /* SVWebViewController.strings */; };
		23F0377A18C153BD00B4D289 /* SVModalWebViewController.m in Sources */ = {isa = PBXBuildFile; fileRef = 23F0376418C153BD00B4D289 /* SVModalWebViewController.m */; };
		23F0377B18C153BD00B4D289 /* SVWebViewController.bundle in Resources */ = {isa = PBXBuildFile; fileRef = 23F0376518C153BD00B4D289 /* SVWebViewController.bundle */; };
		23F0377C18C153BD00B4D289 /* SVWebViewController.m in Sources */ = {isa = PBXBuildFile; fileRef = 23F0376718C153BD00B4D289 /* SVWebViewController.m */; };
		23F0377D18C153BD00B4D289 /* SVWebViewControllerActivityChrome-iPad.png in Resources */ = {isa = PBXBuildFile; fileRef = 23F0376A18C153BD00B4D289 /* SVWebViewControllerActivityChrome-iPad.png */; };
		23F0377E18C153BD00B4D289 /* SVWebViewControllerActivityChrome-iPad@2x.png in Resources */ = {isa = PBXBuildFile; fileRef = 23F0376B18C153BD00B4D289 /* SVWebViewControllerActivityChrome-iPad@2x.png */; };
		23F0377F18C153BD00B4D289 /* SVWebViewControllerActivityChrome.m in Sources */ = {isa = PBXBuildFile; fileRef = 23F0376D18C153BD00B4D289 /* SVWebViewControllerActivityChrome.m */; };
		23F0378018C153BD00B4D289 /* SVWebViewControllerActivityChrome@2x.png in Resources */ = {isa = PBXBuildFile; fileRef = 23F0376E18C153BD00B4D289 /* SVWebViewControllerActivityChrome@2x.png */; };
		23F0378118C153BD00B4D289 /* SVWebViewControllerActivitySafari-iPad.png in Resources */ = {isa = PBXBuildFile; fileRef = 23F0377018C153BD00B4D289 /* SVWebViewControllerActivitySafari-iPad.png */; };
		23F0378218C153BD00B4D289 /* SVWebViewControllerActivitySafari-iPad@2x.png in Resources */ = {isa = PBXBuildFile; fileRef = 23F0377118C153BD00B4D289 /* SVWebViewControllerActivitySafari-iPad@2x.png */; };
		23F0378318C153BD00B4D289 /* SVWebViewControllerActivitySafari.m in Sources */ = {isa = PBXBuildFile; fileRef = 23F0377318C153BD00B4D289 /* SVWebViewControllerActivitySafari.m */; };
		23F0378418C153BD00B4D289 /* SVWebViewControllerActivitySafari@2x.png in Resources */ = {isa = PBXBuildFile; fileRef = 23F0377418C153BD00B4D289 /* SVWebViewControllerActivitySafari@2x.png */; };
		23F0378518C153BD00B4D289 /* SVWebViewControllerActivity.m in Sources */ = {isa = PBXBuildFile; fileRef = 23F0377618C153BD00B4D289 /* SVWebViewControllerActivity.m */; };
		23F0379518C163A400B4D289 /* README.md in Resources */ = {isa = PBXBuildFile; fileRef = 23F0379418C163A400B4D289 /* README.md */; };
		23F3E09B189F236300A8105A /* TorrentClientTableViewController.m in Sources */ = {isa = PBXBuildFile; fileRef = 23F3E09A189F236300A8105A /* TorrentClientTableViewController.m */; };
		23F3E09E189F30EF00A8105A /* AddTorrentClientTableViewController.m in Sources */ = {isa = PBXBuildFile; fileRef = 23F3E09D189F30EF00A8105A /* AddTorrentClientTableViewController.m */; };
		23F3E0A1189F59C700A8105A /* FileHandler.m in Sources */ = {isa = PBXBuildFile; fileRef = 23F3E0A0189F59C700A8105A /* FileHandler.m */; };
		23FC25D81788F1D500CCE434 /* TorrentJobCheckerCell.m in Sources */ = {isa = PBXBuildFile; fileRef = 23FC25D71788F1D500CCE434 /* TorrentJobCheckerCell.m */; };
		9E4357E71F75BA2D00D05DF0 /* TSMessagesDefaultDesign.json in Resources */ = {isa = PBXBuildFile; fileRef = 9E7231531F73441400023517 /* TSMessagesDefaultDesign.json */; };
		9E46C83A1F68C9B600EA2DED /* TorrentDownloaderModalWebViewController.m in Sources */ = {isa = PBXBuildFile; fileRef = 9E46C8351F68C8CB00EA2DED /* TorrentDownloaderModalWebViewController.m */; };
		9E46C83B1F68C9BE00EA2DED /* TorrentDownloaderWebViewController.m in Sources */ = {isa = PBXBuildFile; fileRef = 9E46C8341F68C8CB00EA2DED /* TorrentDownloaderWebViewController.m */; };
		9E598AE61F8742EB0078216A /* Sorting.png in Resources */ = {isa = PBXBuildFile; fileRef = 9E598AE41F8742EB0078216A /* Sorting.png */; };
		9E598AE71F8742EB0078216A /* Sorting@2x.png in Resources */ = {isa = PBXBuildFile; fileRef = 9E598AE51F8742EB0078216A /* Sorting@2x.png */; };
		9E7231C61F73449300023517 /* HexColors.m in Sources */ = {isa = PBXBuildFile; fileRef = 9E72317D1F73441400023517 /* HexColors.m */; };
		9E7231C71F73449B00023517 /* TSBlurView.m in Sources */ = {isa = PBXBuildFile; fileRef = 9E7231571F73441400023517 /* TSBlurView.m */; };
		9E7231C81F73449B00023517 /* TSMessage.m in Sources */ = {isa = PBXBuildFile; fileRef = 9E7231591F73441400023517 /* TSMessage.m */; };
		9E7231C91F73449B00023517 /* TSMessageView.m in Sources */ = {isa = PBXBuildFile; fileRef = 9E72315B1F73441400023517 /* TSMessageView.m */; };
		9EA17DB61F836A550032B9EA /* TransferTotal.xib in Resources */ = {isa = PBXBuildFile; fileRef = 9EA17DB51F836A550032B9EA /* TransferTotal.xib */; };
		9EA311881BB6515400A91454 /* Xirvik_rTorrent.m in Sources */ = {isa = PBXBuildFile; fileRef = 9EA311871BB6515400A91454 /* Xirvik_rTorrent.m */; };
		9EA8DB161F87390300B852A6 /* Signal.png in Resources */ = {isa = PBXBuildFile; fileRef = 9EA8DB141F87390100B852A6 /* Signal.png */; };
		9EA8DB171F87390300B852A6 /* Signal@2x.png in Resources */ = {isa = PBXBuildFile; fileRef = 9EA8DB151F87390200B852A6 /* Signal@2x.png */; };
		9EC45B651FAD5AA900B966C6 /* Xirvik_Deluge.m in Sources */ = {isa = PBXBuildFile; fileRef = 9EC45B641FAD5AA900B966C6 /* Xirvik_Deluge.m */; };
		9EC45B681FAD857200B966C6 /* XirvikQRCodeViewController.m in Sources */ = {isa = PBXBuildFile; fileRef = 9EC45B671FAD857200B966C6 /* XirvikQRCodeViewController.m */; };
		9EC8645A1F83589A00E87E7E /* Safari@2x.png in Resources */ = {isa = PBXBuildFile; fileRef = 9EC864581F83589900E87E7E /* Safari@2x.png */; };
		9EC8645B1F83589A00E87E7E /* Safari.png in Resources */ = {isa = PBXBuildFile; fileRef = 9EC864591F83589A00E87E7E /* Safari.png */; };
		9EEBC0D61F8374C400881126 /* TransferTotal.m in Sources */ = {isa = PBXBuildFile; fileRef = 9EEBC0D51F8374C400881126 /* TransferTotal.m */; };
/* End PBXBuildFile section */

/* Begin PBXContainerItemProxy section */
		23A868EE18BF36DB0066E383 /* PBXContainerItemProxy */ = {
			isa = PBXContainerItemProxy;
			containerPortal = 23A868EA18BF36DB0066E383 /* NSBencodeSerialization.xcodeproj */;
			proxyType = 2;
			remoteGlobalIDString = 23A8686318BF2FE20066E383;
			remoteInfo = NSBencodeSerialization;
		};
		23A868F018BF36ED0066E383 /* PBXContainerItemProxy */ = {
			isa = PBXContainerItemProxy;
			containerPortal = 23A868EA18BF36DB0066E383 /* NSBencodeSerialization.xcodeproj */;
			proxyType = 1;
			remoteGlobalIDString = 23A8686218BF2FE20066E383;
			remoteInfo = NSBencodeSerialization;
		};
/* End PBXContainerItemProxy section */

/* Begin PBXCopyFilesBuildPhase section */
		23AC2BBB175D905600FCFA71 /* CopyFiles */ = {
			isa = PBXCopyFilesBuildPhase;
			buildActionMask = 2147483647;
			dstPath = "";
			dstSubfolderSpec = 10;
			files = (
			);
			runOnlyForDeploymentPostprocessing = 0;
		};
		76323B541BC9645D006495F3 /* Embed Watch Content */ = {
			isa = PBXCopyFilesBuildPhase;
			buildActionMask = 2147483647;
			dstPath = "$(CONTENTS_FOLDER_PATH)/Watch";
			dstSubfolderSpec = 16;
			files = (
			);
			name = "Embed Watch Content";
			runOnlyForDeploymentPostprocessing = 0;
		};
/* End PBXCopyFilesBuildPhase section */

/* Begin PBXFileReference section */
		230C477E18948FBD007D56FC /* CoreVideo.framework */ = {isa = PBXFileReference; lastKnownFileType = wrapper.framework; name = CoreVideo.framework; path = System/Library/Frameworks/CoreVideo.framework; sourceTree = SDKROOT; };
		230C478018948FC6007D56FC /* CoreMedia.framework */ = {isa = PBXFileReference; lastKnownFileType = wrapper.framework; name = CoreMedia.framework; path = System/Library/Frameworks/CoreMedia.framework; sourceTree = SDKROOT; };
		230C478318948FD7007D56FC /* AVFoundation.framework */ = {isa = PBXFileReference; lastKnownFileType = wrapper.framework; name = AVFoundation.framework; path = System/Library/Frameworks/AVFoundation.framework; sourceTree = SDKROOT; };
		232AE18C1891E40100D3F018 /* QueryTableViewController.h */ = {isa = PBXFileReference; fileEncoding = 4; lastKnownFileType = sourcecode.c.h; path = QueryTableViewController.h; sourceTree = "<group>"; };
		232AE18D1891E40100D3F018 /* QueryTableViewController.m */ = {isa = PBXFileReference; fileEncoding = 4; lastKnownFileType = sourcecode.c.objc; path = QueryTableViewController.m; sourceTree = "<group>"; };
		232AE18F1891EE7400D3F018 /* AddQueryTableViewController.h */ = {isa = PBXFileReference; fileEncoding = 4; lastKnownFileType = sourcecode.c.h; path = AddQueryTableViewController.h; sourceTree = "<group>"; };
		232AE1901891EE7400D3F018 /* AddQueryTableViewController.m */ = {isa = PBXFileReference; fileEncoding = 4; lastKnownFileType = sourcecode.c.objc; path = AddQueryTableViewController.m; sourceTree = "<group>"; };
		232AE192189206C000D3F018 /* UITextField+UniqueString.h */ = {isa = PBXFileReference; fileEncoding = 4; lastKnownFileType = sourcecode.c.h; path = "UITextField+UniqueString.h"; sourceTree = "<group>"; };
		232AE193189206C000D3F018 /* UITextField+UniqueString.m */ = {isa = PBXFileReference; fileEncoding = 4; lastKnownFileType = sourcecode.c.objc; path = "UITextField+UniqueString.m"; sourceTree = "<group>"; };
		232B0FA3178C356700A7B3DC /* TorrentDetailViewController.h */ = {isa = PBXFileReference; fileEncoding = 4; lastKnownFileType = sourcecode.c.h; path = TorrentDetailViewController.h; sourceTree = "<group>"; };
		232B0FA4178C356700A7B3DC /* TorrentDetailViewController.m */ = {isa = PBXFileReference; fileEncoding = 4; lastKnownFileType = sourcecode.c.objc; path = TorrentDetailViewController.m; sourceTree = "<group>"; };
		23314150177FE95E0062B0FE /* gear.png */ = {isa = PBXFileReference; lastKnownFileType = image.png; path = gear.png; sourceTree = "<group>"; };
		23314151177FE95E0062B0FE /* gear@2x.png */ = {isa = PBXFileReference; lastKnownFileType = image.png; path = "gear@2x.png"; sourceTree = "<group>"; };
		2346A5A318A8C2F0005EE9C0 /* AdBlocker.plist */ = {isa = PBXFileReference; fileEncoding = 4; lastKnownFileType = text.plist.xml; path = AdBlocker.plist; sourceTree = "<group>"; };
		235527531871718300A9E6BC /* UIButtonBarPause.png */ = {isa = PBXFileReference; lastKnownFileType = image.png; path = UIButtonBarPause.png; sourceTree = "<group>"; };
		235527541871718300A9E6BC /* UIButtonBarPause@2x.png */ = {isa = PBXFileReference; lastKnownFileType = image.png; path = "UIButtonBarPause@2x.png"; sourceTree = "<group>"; };
		235527551871718300A9E6BC /* UIButtonBarPlay.png */ = {isa = PBXFileReference; lastKnownFileType = image.png; path = UIButtonBarPlay.png; sourceTree = "<group>"; };
		235527561871718300A9E6BC /* UIButtonBarPlay@2x.png */ = {isa = PBXFileReference; lastKnownFileType = image.png; path = "UIButtonBarPlay@2x.png"; sourceTree = "<group>"; };
		2355275B18722A8600A9E6BC /* info.png */ = {isa = PBXFileReference; lastKnownFileType = image.png; path = info.png; sourceTree = "<group>"; };
		2355275C18722A8600A9E6BC /* info@2x.png */ = {isa = PBXFileReference; lastKnownFileType = image.png; path = "info@2x.png"; sourceTree = "<group>"; };
		235527621872568D00A9E6BC /* AboutViewController.h */ = {isa = PBXFileReference; fileEncoding = 4; lastKnownFileType = sourcecode.c.h; path = AboutViewController.h; sourceTree = "<group>"; };
		235527631872568D00A9E6BC /* AboutViewController.m */ = {isa = PBXFileReference; fileEncoding = 4; lastKnownFileType = sourcecode.c.objc; path = AboutViewController.m; sourceTree = "<group>"; };
		235527651872723700A9E6BC /* Images.xcassets */ = {isa = PBXFileReference; lastKnownFileType = folder.assetcatalog; path = Images.xcassets; sourceTree = "<group>"; };
		2363424118C485A700F66225 /* LICENSE.txt */ = {isa = PBXFileReference; fileEncoding = 4; lastKnownFileType = text; path = LICENSE.txt; sourceTree = "<group>"; };
		23704DF01880C6380029AB17 /* it */ = {isa = PBXFileReference; lastKnownFileType = text.plist.strings; name = it; path = it.lproj/InfoPlist.strings; sourceTree = "<group>"; };
		2374DD9D1796F23100F613EB /* MessageUI.framework */ = {isa = PBXFileReference; lastKnownFileType = wrapper.framework; name = MessageUI.framework; path = System/Library/Frameworks/MessageUI.framework; sourceTree = SDKROOT; };
		237570AF1877B742008217BF /* UIButtonBarStop.png */ = {isa = PBXFileReference; lastKnownFileType = image.png; path = UIButtonBarStop.png; sourceTree = "<group>"; };
		237570B01877B742008217BF /* UIButtonBarStop@2x.png */ = {isa = PBXFileReference; lastKnownFileType = image.png; path = "UIButtonBarStop@2x.png"; sourceTree = "<group>"; };
		2379763E19654AF500279520 /* ruTorrentHTTPRPC.m */ = {isa = PBXFileReference; fileEncoding = 4; lastKnownFileType = sourcecode.c.objc; path = ruTorrentHTTPRPC.m; sourceTree = "<group>"; };
		2379764019654B0400279520 /* ruTorrentHTTPRPC.h */ = {isa = PBXFileReference; lastKnownFileType = sourcecode.c.h; path = ruTorrentHTTPRPC.h; sourceTree = "<group>"; };
		238A94D317A121B70081EF6D /* QuartzCore.framework */ = {isa = PBXFileReference; lastKnownFileType = wrapper.framework; name = QuartzCore.framework; path = System/Library/Frameworks/QuartzCore.framework; sourceTree = SDKROOT; };
		238A94D517A121C30081EF6D /* OpenGLES.framework */ = {isa = PBXFileReference; lastKnownFileType = wrapper.framework; name = OpenGLES.framework; path = System/Library/Frameworks/OpenGLES.framework; sourceTree = SDKROOT; };
		2396C9291895EA88009BC6D3 /* UIFastProgressBar.h */ = {isa = PBXFileReference; fileEncoding = 4; lastKnownFileType = sourcecode.c.h; path = UIFastProgressBar.h; sourceTree = "<group>"; };
		2396C92A1895EA88009BC6D3 /* UIFastProgressBar.m */ = {isa = PBXFileReference; fileEncoding = 4; lastKnownFileType = sourcecode.c.objc; path = UIFastProgressBar.m; sourceTree = "<group>"; };
		23A868EA18BF36DB0066E383 /* NSBencodeSerialization.xcodeproj */ = {isa = PBXFileReference; lastKnownFileType = "wrapper.pb-project"; name = NSBencodeSerialization.xcodeproj; path = NSBencodeSerialization/NSBencodeSerialization.xcodeproj; sourceTree = "<group>"; };
		23A868F318BF383E0066E383 /* NSNumber+TransferRateFormatting.h */ = {isa = PBXFileReference; fileEncoding = 4; lastKnownFileType = sourcecode.c.h; path = "NSNumber+TransferRateFormatting.h"; sourceTree = "<group>"; };
		23A868F418BF383E0066E383 /* NSNumber+TransferRateFormatting.m */ = {isa = PBXFileReference; fileEncoding = 4; lastKnownFileType = sourcecode.c.objc; path = "NSNumber+TransferRateFormatting.m"; sourceTree = "<group>"; };
		23A868F518BF383E0066E383 /* NSOption.h */ = {isa = PBXFileReference; fileEncoding = 4; lastKnownFileType = sourcecode.c.h; path = NSOption.h; sourceTree = "<group>"; };
		23A868F618BF383E0066E383 /* NSOption.m */ = {isa = PBXFileReference; fileEncoding = 4; lastKnownFileType = sourcecode.c.objc; path = NSOption.m; sourceTree = "<group>"; };
		23A868F918BF38750066E383 /* NSArray+Functions.h */ = {isa = PBXFileReference; fileEncoding = 4; lastKnownFileType = sourcecode.c.h; path = "NSArray+Functions.h"; sourceTree = "<group>"; };
		23A868FA18BF38750066E383 /* NSArray+Functions.m */ = {isa = PBXFileReference; fileEncoding = 4; lastKnownFileType = sourcecode.c.objc; path = "NSArray+Functions.m"; sourceTree = "<group>"; };
		23A868FC18BF38800066E383 /* ConnectionHandler.h */ = {isa = PBXFileReference; fileEncoding = 4; lastKnownFileType = sourcecode.c.h; path = ConnectionHandler.h; sourceTree = "<group>"; };
		23A868FD18BF38800066E383 /* ConnectionHandler.m */ = {isa = PBXFileReference; fileEncoding = 4; lastKnownFileType = sourcecode.c.objc; path = ConnectionHandler.m; sourceTree = "<group>"; };
		23A868FF18BF388D0066E383 /* TorrentFileHandler.h */ = {isa = PBXFileReference; fileEncoding = 4; lastKnownFileType = sourcecode.c.h; path = TorrentFileHandler.h; sourceTree = "<group>"; };
		23A8690018BF388D0066E383 /* TorrentFileHandler.m */ = {isa = PBXFileReference; fileEncoding = 4; lastKnownFileType = sourcecode.c.objc; path = TorrentFileHandler.m; sourceTree = "<group>"; };
		23A8690118BF388D0066E383 /* TorrentJobChecker.h */ = {isa = PBXFileReference; fileEncoding = 4; lastKnownFileType = sourcecode.c.h; path = TorrentJobChecker.h; sourceTree = "<group>"; };
		23A8690218BF388D0066E383 /* TorrentJobChecker.m */ = {isa = PBXFileReference; fileEncoding = 4; lastKnownFileType = sourcecode.c.objc; path = TorrentJobChecker.m; sourceTree = "<group>"; };
		23A8690518BF389D0066E383 /* TorrentDelegate.h */ = {isa = PBXFileReference; fileEncoding = 4; lastKnownFileType = sourcecode.c.h; path = TorrentDelegate.h; sourceTree = "<group>"; };
		23A8690618BF389D0066E383 /* TorrentDelegate.m */ = {isa = PBXFileReference; fileEncoding = 4; lastKnownFileType = sourcecode.c.objc; path = TorrentDelegate.m; sourceTree = "<group>"; };
		23A8690818BF38A90066E383 /* NSData+BEncode.h */ = {isa = PBXFileReference; fileEncoding = 4; lastKnownFileType = sourcecode.c.h; path = "NSData+BEncode.h"; sourceTree = "<group>"; };
		23A8690918BF38A90066E383 /* NSData+BEncode.m */ = {isa = PBXFileReference; fileEncoding = 4; lastKnownFileType = sourcecode.c.objc; path = "NSData+BEncode.m"; sourceTree = "<group>"; };
		23A8690E18BF38BA0066E383 /* StringHandler.h */ = {isa = PBXFileReference; fileEncoding = 4; lastKnownFileType = sourcecode.c.h; path = StringHandler.h; sourceTree = "<group>"; };
		23A8690F18BF38BA0066E383 /* StringHandler.m */ = {isa = PBXFileReference; fileEncoding = 4; lastKnownFileType = sourcecode.c.objc; path = StringHandler.m; sourceTree = "<group>"; };
		23A8691118BF38C10066E383 /* TorrentClient.h */ = {isa = PBXFileReference; fileEncoding = 4; lastKnownFileType = sourcecode.c.h; path = TorrentClient.h; sourceTree = "<group>"; };
		23A8691218BF38C10066E383 /* TorrentClient.m */ = {isa = PBXFileReference; fileEncoding = 4; lastKnownFileType = sourcecode.c.objc; path = TorrentClient.m; sourceTree = "<group>"; };
		23A8691418BF38CC0066E383 /* Deluge.h */ = {isa = PBXFileReference; fileEncoding = 4; lastKnownFileType = sourcecode.c.h; path = Deluge.h; sourceTree = "<group>"; };
		23A8691518BF38CC0066E383 /* Deluge.m */ = {isa = PBXFileReference; fileEncoding = 4; lastKnownFileType = sourcecode.c.objc; path = Deluge.m; sourceTree = "<group>"; };
		23A8691718BF38D40066E383 /* qBittorrent.h */ = {isa = PBXFileReference; fileEncoding = 4; lastKnownFileType = sourcecode.c.h; path = qBittorrent.h; sourceTree = "<group>"; };
		23A8691818BF38D40066E383 /* qBittorrent.m */ = {isa = PBXFileReference; fileEncoding = 4; lastKnownFileType = sourcecode.c.objc; path = qBittorrent.m; sourceTree = "<group>"; };
		23A8691A18BF38DF0066E383 /* ruTorrent.h */ = {isa = PBXFileReference; fileEncoding = 4; lastKnownFileType = sourcecode.c.h; path = ruTorrent.h; sourceTree = "<group>"; };
		23A8691B18BF38DF0066E383 /* ruTorrent.m */ = {isa = PBXFileReference; fileEncoding = 4; lastKnownFileType = sourcecode.c.objc; path = ruTorrent.m; sourceTree = "<group>"; };
		23A8691D18BF38E90066E383 /* Synology.h */ = {isa = PBXFileReference; fileEncoding = 4; lastKnownFileType = sourcecode.c.h; path = Synology.h; sourceTree = "<group>"; };
		23A8691E18BF38E90066E383 /* Synology.m */ = {isa = PBXFileReference; fileEncoding = 4; lastKnownFileType = sourcecode.c.objc; path = Synology.m; sourceTree = "<group>"; };
		23A8692018BF38F30066E383 /* Transmission.h */ = {isa = PBXFileReference; fileEncoding = 4; lastKnownFileType = sourcecode.c.h; path = Transmission.h; sourceTree = "<group>"; };
		23A8692118BF38F30066E383 /* Transmission.m */ = {isa = PBXFileReference; fileEncoding = 4; lastKnownFileType = sourcecode.c.objc; path = Transmission.m; sourceTree = "<group>"; };
		23A8692318BF38FD0066E383 /* uTorrent.h */ = {isa = PBXFileReference; fileEncoding = 4; lastKnownFileType = sourcecode.c.h; path = uTorrent.h; sourceTree = "<group>"; };
		23A8692418BF38FD0066E383 /* uTorrent.m */ = {isa = PBXFileReference; fileEncoding = 4; lastKnownFileType = sourcecode.c.objc; path = uTorrent.m; sourceTree = "<group>"; };
		23A8692618BF390A0066E383 /* VuzeRemoteUI.h */ = {isa = PBXFileReference; fileEncoding = 4; lastKnownFileType = sourcecode.c.h; path = VuzeRemoteUI.h; sourceTree = "<group>"; };
		23A8692718BF390A0066E383 /* VuzeRemoteUI.m */ = {isa = PBXFileReference; fileEncoding = 4; lastKnownFileType = sourcecode.c.objc; path = VuzeRemoteUI.m; sourceTree = "<group>"; };
		23A8692A18BF39BD0066E383 /* QueryCell.h */ = {isa = PBXFileReference; fileEncoding = 4; lastKnownFileType = sourcecode.c.h; path = QueryCell.h; sourceTree = "<group>"; };
		23A8692B18BF39BD0066E383 /* QueryCell.m */ = {isa = PBXFileReference; fileEncoding = 4; lastKnownFileType = sourcecode.c.objc; path = QueryCell.m; sourceTree = "<group>"; };
		23A94F20183CD6B7004A3924 /* UINavigationControllerNoAutoRotation.h */ = {isa = PBXFileReference; fileEncoding = 4; lastKnownFileType = sourcecode.c.h; path = UINavigationControllerNoAutoRotation.h; sourceTree = "<group>"; };
		23A94F21183CD6B7004A3924 /* UINavigationControllerNoAutoRotation.m */ = {isa = PBXFileReference; fileEncoding = 4; lastKnownFileType = sourcecode.c.objc; path = UINavigationControllerNoAutoRotation.m; sourceTree = "<group>"; };
		23AC2B1E175D835600FCFA71 /* BarMagnet.app */ = {isa = PBXFileReference; explicitFileType = wrapper.application; includeInIndex = 0; path = BarMagnet.app; sourceTree = BUILT_PRODUCTS_DIR; };
		23AC2B21175D835600FCFA71 /* UIKit.framework */ = {isa = PBXFileReference; lastKnownFileType = wrapper.framework; name = UIKit.framework; path = System/Library/Frameworks/UIKit.framework; sourceTree = SDKROOT; };
		23AC2B23175D835600FCFA71 /* Foundation.framework */ = {isa = PBXFileReference; lastKnownFileType = wrapper.framework; name = Foundation.framework; path = System/Library/Frameworks/Foundation.framework; sourceTree = SDKROOT; };
		23AC2B25175D835600FCFA71 /* CoreGraphics.framework */ = {isa = PBXFileReference; lastKnownFileType = wrapper.framework; name = CoreGraphics.framework; path = System/Library/Frameworks/CoreGraphics.framework; sourceTree = SDKROOT; };
		23AC2B29175D835600FCFA71 /* BarMagnet-Info.plist */ = {isa = PBXFileReference; lastKnownFileType = text.plist.xml; path = "BarMagnet-Info.plist"; sourceTree = "<group>"; };
		23AC2B2B175D835600FCFA71 /* en */ = {isa = PBXFileReference; lastKnownFileType = text.plist.strings; name = en; path = en.lproj/InfoPlist.strings; sourceTree = "<group>"; };
		23AC2B2D175D835600FCFA71 /* main.m */ = {isa = PBXFileReference; lastKnownFileType = sourcecode.c.objc; path = main.m; sourceTree = "<group>"; };
		23AC2B2F175D835600FCFA71 /* BarMagnet-Prefix.pch */ = {isa = PBXFileReference; lastKnownFileType = sourcecode.c.h; path = "BarMagnet-Prefix.pch"; sourceTree = "<group>"; };
		23AC2B30175D835600FCFA71 /* AppDelegate.h */ = {isa = PBXFileReference; lastKnownFileType = sourcecode.c.h; path = AppDelegate.h; sourceTree = "<group>"; };
		23AC2B31175D835600FCFA71 /* AppDelegate.m */ = {isa = PBXFileReference; lastKnownFileType = sourcecode.c.objc; path = AppDelegate.m; sourceTree = "<group>"; };
		23AC2B3F175D835600FCFA71 /* TorrentJobsTableViewController.h */ = {isa = PBXFileReference; fileEncoding = 4; lastKnownFileType = sourcecode.c.h; path = TorrentJobsTableViewController.h; sourceTree = "<group>"; };
		23AC2B40175D835600FCFA71 /* TorrentJobsTableViewController.m */ = {isa = PBXFileReference; lastKnownFileType = sourcecode.c.objc; path = TorrentJobsTableViewController.m; sourceTree = "<group>"; };
		23AF74DE1796D5F700AC4ED5 /* StaticDataTableViewController.h */ = {isa = PBXFileReference; fileEncoding = 4; lastKnownFileType = sourcecode.c.h; path = StaticDataTableViewController.h; sourceTree = "<group>"; };
		23AF74DF1796D5F700AC4ED5 /* StaticDataTableViewController.m */ = {isa = PBXFileReference; fileEncoding = 4; lastKnownFileType = sourcecode.c.objc; path = StaticDataTableViewController.m; sourceTree = "<group>"; };
		23B35F841894A115002F6E37 /* ScanQRCodeViewController.h */ = {isa = PBXFileReference; fileEncoding = 4; lastKnownFileType = sourcecode.c.h; path = ScanQRCodeViewController.h; sourceTree = "<group>"; };
		23B35F851894A115002F6E37 /* ScanQRCodeViewController.m */ = {isa = PBXFileReference; fileEncoding = 4; lastKnownFileType = sourcecode.c.objc; path = ScanQRCodeViewController.m; sourceTree = "<group>"; };
		23B6E23117A337C9003D3B7C /* Accelerate.framework */ = {isa = PBXFileReference; lastKnownFileType = wrapper.framework; name = Accelerate.framework; path = System/Library/Frameworks/Accelerate.framework; sourceTree = SDKROOT; };
		23DF81CA18C1F4FA005BAB1C /* rTorrentXMLRPC.h */ = {isa = PBXFileReference; fileEncoding = 4; lastKnownFileType = sourcecode.c.h; path = rTorrentXMLRPC.h; sourceTree = "<group>"; };
		23DF81CB18C1F4FA005BAB1C /* rTorrentXMLRPC.m */ = {isa = PBXFileReference; fileEncoding = 4; lastKnownFileType = sourcecode.c.objc; path = rTorrentXMLRPC.m; sourceTree = "<group>"; };
		23DF81CD18C2C71D005BAB1C /* SeedStuffSeedbox.h */ = {isa = PBXFileReference; fileEncoding = 4; lastKnownFileType = sourcecode.c.h; path = SeedStuffSeedbox.h; sourceTree = "<group>"; };
		23DF81CE18C2C71D005BAB1C /* SeedStuffSeedbox.m */ = {isa = PBXFileReference; fileEncoding = 4; lastKnownFileType = sourcecode.c.objc; path = SeedStuffSeedbox.m; sourceTree = "<group>"; };
		23F0375D18C153BD00B4D289 /* da */ = {isa = PBXFileReference; lastKnownFileType = text.plist.strings; name = da; path = da.lproj/SVWebViewController.strings; sourceTree = "<group>"; };
		23F0375E18C153BD00B4D289 /* en */ = {isa = PBXFileReference; lastKnownFileType = text.plist.strings; name = en; path = en.lproj/SVWebViewController.strings; sourceTree = "<group>"; };
		23F0375F18C153BD00B4D289 /* es-ES */ = {isa = PBXFileReference; lastKnownFileType = text.plist.strings; name = "es-ES"; path = "es-ES.lproj/SVWebViewController.strings"; sourceTree = "<group>"; };
		23F0376018C153BD00B4D289 /* es */ = {isa = PBXFileReference; lastKnownFileType = text.plist.strings; name = es; path = es.lproj/SVWebViewController.strings; sourceTree = "<group>"; };
		23F0376118C153BD00B4D289 /* fr */ = {isa = PBXFileReference; lastKnownFileType = text.plist.strings; name = fr; path = fr.lproj/SVWebViewController.strings; sourceTree = "<group>"; };
		23F0376218C153BD00B4D289 /* ja */ = {isa = PBXFileReference; lastKnownFileType = text.plist.strings; name = ja; path = ja.lproj/SVWebViewController.strings; sourceTree = "<group>"; };
		23F0376318C153BD00B4D289 /* SVModalWebViewController.h */ = {isa = PBXFileReference; fileEncoding = 4; lastKnownFileType = sourcecode.c.h; path = SVModalWebViewController.h; sourceTree = "<group>"; };
		23F0376418C153BD00B4D289 /* SVModalWebViewController.m */ = {isa = PBXFileReference; fileEncoding = 4; lastKnownFileType = sourcecode.c.objc; path = SVModalWebViewController.m; sourceTree = "<group>"; };
		23F0376518C153BD00B4D289 /* SVWebViewController.bundle */ = {isa = PBXFileReference; lastKnownFileType = "wrapper.plug-in"; path = SVWebViewController.bundle; sourceTree = "<group>"; };
		23F0376618C153BD00B4D289 /* SVWebViewController.h */ = {isa = PBXFileReference; fileEncoding = 4; lastKnownFileType = sourcecode.c.h; path = SVWebViewController.h; sourceTree = "<group>"; };
		23F0376718C153BD00B4D289 /* SVWebViewController.m */ = {isa = PBXFileReference; fileEncoding = 4; lastKnownFileType = sourcecode.c.objc; path = SVWebViewController.m; sourceTree = "<group>"; };
		23F0376A18C153BD00B4D289 /* SVWebViewControllerActivityChrome-iPad.png */ = {isa = PBXFileReference; lastKnownFileType = image.png; path = "SVWebViewControllerActivityChrome-iPad.png"; sourceTree = "<group>"; };
		23F0376B18C153BD00B4D289 /* SVWebViewControllerActivityChrome-iPad@2x.png */ = {isa = PBXFileReference; lastKnownFileType = image.png; path = "SVWebViewControllerActivityChrome-iPad@2x.png"; sourceTree = "<group>"; };
		23F0376C18C153BD00B4D289 /* SVWebViewControllerActivityChrome.h */ = {isa = PBXFileReference; fileEncoding = 4; lastKnownFileType = sourcecode.c.h; path = SVWebViewControllerActivityChrome.h; sourceTree = "<group>"; };
		23F0376D18C153BD00B4D289 /* SVWebViewControllerActivityChrome.m */ = {isa = PBXFileReference; fileEncoding = 4; lastKnownFileType = sourcecode.c.objc; path = SVWebViewControllerActivityChrome.m; sourceTree = "<group>"; };
		23F0376E18C153BD00B4D289 /* SVWebViewControllerActivityChrome@2x.png */ = {isa = PBXFileReference; lastKnownFileType = image.png; path = "SVWebViewControllerActivityChrome@2x.png"; sourceTree = "<group>"; };
		23F0377018C153BD00B4D289 /* SVWebViewControllerActivitySafari-iPad.png */ = {isa = PBXFileReference; lastKnownFileType = image.png; path = "SVWebViewControllerActivitySafari-iPad.png"; sourceTree = "<group>"; };
		23F0377118C153BD00B4D289 /* SVWebViewControllerActivitySafari-iPad@2x.png */ = {isa = PBXFileReference; lastKnownFileType = image.png; path = "SVWebViewControllerActivitySafari-iPad@2x.png"; sourceTree = "<group>"; };
		23F0377218C153BD00B4D289 /* SVWebViewControllerActivitySafari.h */ = {isa = PBXFileReference; fileEncoding = 4; lastKnownFileType = sourcecode.c.h; path = SVWebViewControllerActivitySafari.h; sourceTree = "<group>"; };
		23F0377318C153BD00B4D289 /* SVWebViewControllerActivitySafari.m */ = {isa = PBXFileReference; fileEncoding = 4; lastKnownFileType = sourcecode.c.objc; path = SVWebViewControllerActivitySafari.m; sourceTree = "<group>"; };
		23F0377418C153BD00B4D289 /* SVWebViewControllerActivitySafari@2x.png */ = {isa = PBXFileReference; lastKnownFileType = image.png; path = "SVWebViewControllerActivitySafari@2x.png"; sourceTree = "<group>"; };
		23F0377518C153BD00B4D289 /* SVWebViewControllerActivity.h */ = {isa = PBXFileReference; fileEncoding = 4; lastKnownFileType = sourcecode.c.h; path = SVWebViewControllerActivity.h; sourceTree = "<group>"; };
		23F0377618C153BD00B4D289 /* SVWebViewControllerActivity.m */ = {isa = PBXFileReference; fileEncoding = 4; lastKnownFileType = sourcecode.c.objc; path = SVWebViewControllerActivity.m; sourceTree = "<group>"; };
		23F0377718C153BD00B4D289 /* zh-Hans */ = {isa = PBXFileReference; lastKnownFileType = text.plist.strings; name = "zh-Hans"; path = "zh-Hans.lproj/SVWebViewController.strings"; sourceTree = "<group>"; };
		23F0377818C153BD00B4D289 /* zh-Hant */ = {isa = PBXFileReference; lastKnownFileType = text.plist.strings; name = "zh-Hant"; path = "zh-Hant.lproj/SVWebViewController.strings"; sourceTree = "<group>"; };
		23F0379418C163A400B4D289 /* README.md */ = {isa = PBXFileReference; fileEncoding = 4; lastKnownFileType = text; path = README.md; sourceTree = "<group>"; };
		23F3E099189F236300A8105A /* TorrentClientTableViewController.h */ = {isa = PBXFileReference; fileEncoding = 4; lastKnownFileType = sourcecode.c.h; path = TorrentClientTableViewController.h; sourceTree = "<group>"; };
		23F3E09A189F236300A8105A /* TorrentClientTableViewController.m */ = {isa = PBXFileReference; fileEncoding = 4; lastKnownFileType = sourcecode.c.objc; path = TorrentClientTableViewController.m; sourceTree = "<group>"; };
		23F3E09C189F30EF00A8105A /* AddTorrentClientTableViewController.h */ = {isa = PBXFileReference; fileEncoding = 4; lastKnownFileType = sourcecode.c.h; path = AddTorrentClientTableViewController.h; sourceTree = "<group>"; };
		23F3E09D189F30EF00A8105A /* AddTorrentClientTableViewController.m */ = {isa = PBXFileReference; fileEncoding = 4; lastKnownFileType = sourcecode.c.objc; path = AddTorrentClientTableViewController.m; sourceTree = "<group>"; };
		23F3E09F189F59C700A8105A /* FileHandler.h */ = {isa = PBXFileReference; fileEncoding = 4; lastKnownFileType = sourcecode.c.h; path = FileHandler.h; sourceTree = "<group>"; };
		23F3E0A0189F59C700A8105A /* FileHandler.m */ = {isa = PBXFileReference; fileEncoding = 4; lastKnownFileType = sourcecode.c.objc; path = FileHandler.m; sourceTree = "<group>"; };
		23FC25D61788F1D500CCE434 /* TorrentJobCheckerCell.h */ = {isa = PBXFileReference; fileEncoding = 4; lastKnownFileType = sourcecode.c.h; path = TorrentJobCheckerCell.h; sourceTree = "<group>"; };
		23FC25D71788F1D500CCE434 /* TorrentJobCheckerCell.m */ = {isa = PBXFileReference; fileEncoding = 4; lastKnownFileType = sourcecode.c.objc; path = TorrentJobCheckerCell.m; sourceTree = "<group>"; };
		9E46C8331F68C8CB00EA2DED /* TorrentDownloaderModalWebViewController.h */ = {isa = PBXFileReference; lastKnownFileType = sourcecode.c.h; path = TorrentDownloaderModalWebViewController.h; sourceTree = "<group>"; };
		9E46C8341F68C8CB00EA2DED /* TorrentDownloaderWebViewController.m */ = {isa = PBXFileReference; lastKnownFileType = sourcecode.c.objc; path = TorrentDownloaderWebViewController.m; sourceTree = "<group>"; };
		9E46C8351F68C8CB00EA2DED /* TorrentDownloaderModalWebViewController.m */ = {isa = PBXFileReference; lastKnownFileType = sourcecode.c.objc; path = TorrentDownloaderModalWebViewController.m; sourceTree = "<group>"; };
		9E46C8361F68C8CB00EA2DED /* TorrentDownloaderWebViewController.h */ = {isa = PBXFileReference; lastKnownFileType = sourcecode.c.h; path = TorrentDownloaderWebViewController.h; sourceTree = "<group>"; };
		9E598AE41F8742EB0078216A /* Sorting.png */ = {isa = PBXFileReference; lastKnownFileType = image.png; path = Sorting.png; sourceTree = "<group>"; };
		9E598AE51F8742EB0078216A /* Sorting@2x.png */ = {isa = PBXFileReference; lastKnownFileType = image.png; path = "Sorting@2x.png"; sourceTree = "<group>"; };
		9E7231421F73441400023517 /* .gitkeep */ = {isa = PBXFileReference; lastKnownFileType = text; path = .gitkeep; sourceTree = "<group>"; };
		9E7231431F73441400023517 /* NotificationBackgroundError.png */ = {isa = PBXFileReference; lastKnownFileType = image.png; path = NotificationBackgroundError.png; sourceTree = "<group>"; };
		9E7231441F73441400023517 /* NotificationBackgroundError@2x.png */ = {isa = PBXFileReference; lastKnownFileType = image.png; path = "NotificationBackgroundError@2x.png"; sourceTree = "<group>"; };
		9E7231451F73441400023517 /* NotificationBackgroundErrorIcon.png */ = {isa = PBXFileReference; lastKnownFileType = image.png; path = NotificationBackgroundErrorIcon.png; sourceTree = "<group>"; };
		9E7231461F73441400023517 /* NotificationBackgroundErrorIcon@2x.png */ = {isa = PBXFileReference; lastKnownFileType = image.png; path = "NotificationBackgroundErrorIcon@2x.png"; sourceTree = "<group>"; };
		9E7231471F73441400023517 /* NotificationBackgroundMessage.png */ = {isa = PBXFileReference; lastKnownFileType = image.png; path = NotificationBackgroundMessage.png; sourceTree = "<group>"; };
		9E7231481F73441400023517 /* NotificationBackgroundMessage@2x.png */ = {isa = PBXFileReference; lastKnownFileType = image.png; path = "NotificationBackgroundMessage@2x.png"; sourceTree = "<group>"; };
		9E7231491F73441400023517 /* NotificationBackgroundSuccess.png */ = {isa = PBXFileReference; lastKnownFileType = image.png; path = NotificationBackgroundSuccess.png; sourceTree = "<group>"; };
		9E72314A1F73441400023517 /* NotificationBackgroundSuccess@2x.png */ = {isa = PBXFileReference; lastKnownFileType = image.png; path = "NotificationBackgroundSuccess@2x.png"; sourceTree = "<group>"; };
		9E72314B1F73441400023517 /* NotificationBackgroundSuccessIcon.png */ = {isa = PBXFileReference; lastKnownFileType = image.png; path = NotificationBackgroundSuccessIcon.png; sourceTree = "<group>"; };
		9E72314C1F73441400023517 /* NotificationBackgroundSuccessIcon@2x.png */ = {isa = PBXFileReference; lastKnownFileType = image.png; path = "NotificationBackgroundSuccessIcon@2x.png"; sourceTree = "<group>"; };
		9E72314D1F73441400023517 /* NotificationBackgroundWarning.png */ = {isa = PBXFileReference; lastKnownFileType = image.png; path = NotificationBackgroundWarning.png; sourceTree = "<group>"; };
		9E72314E1F73441400023517 /* NotificationBackgroundWarning@2x.png */ = {isa = PBXFileReference; lastKnownFileType = image.png; path = "NotificationBackgroundWarning@2x.png"; sourceTree = "<group>"; };
		9E72314F1F73441400023517 /* NotificationBackgroundWarningIcon.png */ = {isa = PBXFileReference; lastKnownFileType = image.png; path = NotificationBackgroundWarningIcon.png; sourceTree = "<group>"; };
		9E7231501F73441400023517 /* NotificationBackgroundWarningIcon@2x.png */ = {isa = PBXFileReference; lastKnownFileType = image.png; path = "NotificationBackgroundWarningIcon@2x.png"; sourceTree = "<group>"; };
		9E7231511F73441400023517 /* NotificationButtonBackground.png */ = {isa = PBXFileReference; lastKnownFileType = image.png; path = NotificationButtonBackground.png; sourceTree = "<group>"; };
		9E7231521F73441400023517 /* NotificationButtonBackground@2x.png */ = {isa = PBXFileReference; lastKnownFileType = image.png; path = "NotificationButtonBackground@2x.png"; sourceTree = "<group>"; };
		9E7231531F73441400023517 /* TSMessagesDefaultDesign.json */ = {isa = PBXFileReference; lastKnownFileType = text.json; path = TSMessagesDefaultDesign.json; sourceTree = "<group>"; };
		9E7231561F73441400023517 /* TSBlurView.h */ = {isa = PBXFileReference; lastKnownFileType = sourcecode.c.h; path = TSBlurView.h; sourceTree = "<group>"; };
		9E7231571F73441400023517 /* TSBlurView.m */ = {isa = PBXFileReference; lastKnownFileType = sourcecode.c.objc; path = TSBlurView.m; sourceTree = "<group>"; };
		9E7231581F73441400023517 /* TSMessage.h */ = {isa = PBXFileReference; lastKnownFileType = sourcecode.c.h; path = TSMessage.h; sourceTree = "<group>"; };
		9E7231591F73441400023517 /* TSMessage.m */ = {isa = PBXFileReference; lastKnownFileType = sourcecode.c.objc; path = TSMessage.m; sourceTree = "<group>"; };
		9E72315A1F73441400023517 /* TSMessageView.h */ = {isa = PBXFileReference; lastKnownFileType = sourcecode.c.h; path = TSMessageView.h; sourceTree = "<group>"; };
		9E72315B1F73441400023517 /* TSMessageView.m */ = {isa = PBXFileReference; lastKnownFileType = sourcecode.c.objc; path = TSMessageView.m; sourceTree = "<group>"; };
		9E72317C1F73441400023517 /* HexColors.h */ = {isa = PBXFileReference; lastKnownFileType = sourcecode.c.h; path = HexColors.h; sourceTree = "<group>"; };
		9E72317D1F73441400023517 /* HexColors.m */ = {isa = PBXFileReference; lastKnownFileType = sourcecode.c.objc; path = HexColors.m; sourceTree = "<group>"; };
		9EA17DB41F8361410032B9EA /* Base */ = {isa = PBXFileReference; lastKnownFileType = file.storyboard; name = Base; path = Sources/Base.lproj/Main.storyboard; sourceTree = "<group>"; };
		9EA17DB51F836A550032B9EA /* TransferTotal.xib */ = {isa = PBXFileReference; lastKnownFileType = file.xib; path = TransferTotal.xib; sourceTree = "<group>"; };
		9EA311861BB6515400A91454 /* Xirvik_rTorrent.h */ = {isa = PBXFileReference; fileEncoding = 4; lastKnownFileType = sourcecode.c.h; path = Xirvik_rTorrent.h; sourceTree = "<group>"; };
		9EA311871BB6515400A91454 /* Xirvik_rTorrent.m */ = {isa = PBXFileReference; fileEncoding = 4; lastKnownFileType = sourcecode.c.objc; path = Xirvik_rTorrent.m; sourceTree = "<group>"; };
		9EA8DB141F87390100B852A6 /* Signal.png */ = {isa = PBXFileReference; lastKnownFileType = image.png; path = Signal.png; sourceTree = "<group>"; };
		9EA8DB151F87390200B852A6 /* Signal@2x.png */ = {isa = PBXFileReference; lastKnownFileType = image.png; path = "Signal@2x.png"; sourceTree = "<group>"; };
		9EBFE8842355B4CA0039AF5B /* BarMagnet.entitlements */ = {isa = PBXFileReference; lastKnownFileType = text.plist.entitlements; path = BarMagnet.entitlements; sourceTree = "<group>"; };
		9EC45B631FAD5AA900B966C6 /* Xirvik_Deluge.h */ = {isa = PBXFileReference; lastKnownFileType = sourcecode.c.h; path = Xirvik_Deluge.h; sourceTree = "<group>"; };
		9EC45B641FAD5AA900B966C6 /* Xirvik_Deluge.m */ = {isa = PBXFileReference; lastKnownFileType = sourcecode.c.objc; path = Xirvik_Deluge.m; sourceTree = "<group>"; };
		9EC45B661FAD857200B966C6 /* XirvikQRCodeViewController.h */ = {isa = PBXFileReference; lastKnownFileType = sourcecode.c.h; path = XirvikQRCodeViewController.h; sourceTree = "<group>"; };
		9EC45B671FAD857200B966C6 /* XirvikQRCodeViewController.m */ = {isa = PBXFileReference; lastKnownFileType = sourcecode.c.objc; path = XirvikQRCodeViewController.m; sourceTree = "<group>"; };
		9EC864581F83589900E87E7E /* Safari@2x.png */ = {isa = PBXFileReference; lastKnownFileType = image.png; path = "Safari@2x.png"; sourceTree = "<group>"; };
		9EC864591F83589A00E87E7E /* Safari.png */ = {isa = PBXFileReference; lastKnownFileType = image.png; path = Safari.png; sourceTree = "<group>"; };
		9EEBC0D41F8374C400881126 /* TransferTotal.h */ = {isa = PBXFileReference; lastKnownFileType = sourcecode.c.h; path = TransferTotal.h; sourceTree = "<group>"; };
		9EEBC0D51F8374C400881126 /* TransferTotal.m */ = {isa = PBXFileReference; lastKnownFileType = sourcecode.c.objc; path = TransferTotal.m; sourceTree = "<group>"; };
/* End PBXFileReference section */

/* Begin PBXFrameworksBuildPhase section */
		23AC2B1B175D835600FCFA71 /* Frameworks */ = {
			isa = PBXFrameworksBuildPhase;
			buildActionMask = 2147483647;
			files = (
				23A868F218BF36F70066E383 /* libNSBencodeSerialization.a in Frameworks */,
				230C478418948FD7007D56FC /* AVFoundation.framework in Frameworks */,
				230C478218948FCE007D56FC /* OpenGLES.framework in Frameworks */,
				230C478118948FC6007D56FC /* CoreMedia.framework in Frameworks */,
				230C477F18948FBD007D56FC /* CoreVideo.framework in Frameworks */,
				230C477D18948FA4007D56FC /* QuartzCore.framework in Frameworks */,
				23AC2B22175D835600FCFA71 /* UIKit.framework in Frameworks */,
				23AC2B24175D835600FCFA71 /* Foundation.framework in Frameworks */,
				2374DD9E1796F23100F613EB /* MessageUI.framework in Frameworks */,
			);
			runOnlyForDeploymentPostprocessing = 0;
		};
/* End PBXFrameworksBuildPhase section */

/* Begin PBXGroup section */
		23A868EB18BF36DB0066E383 /* Products */ = {
			isa = PBXGroup;
			children = (
				23A868EF18BF36DB0066E383 /* libNSBencodeSerialization.a */,
			);
			name = Products;
			sourceTree = "<group>";
		};
		23AC2B15175D835600FCFA71 = {
			isa = PBXGroup;
			children = (
				9EBFE8842355B4CA0039AF5B /* BarMagnet.entitlements */,
				23F0379418C163A400B4D289 /* README.md */,
				2363424118C485A700F66225 /* LICENSE.txt */,
				23A868EA18BF36DB0066E383 /* NSBencodeSerialization.xcodeproj */,
				23F0375B18C153BD00B4D289 /* SVWebViewController */,
				9E722FCD1F73441300023517 /* TSMessages */,
				23AC2B27175D835600FCFA71 /* Sources */,
				23AC2B20175D835600FCFA71 /* Frameworks */,
				23AC2B1F175D835600FCFA71 /* Products */,
			);
			sourceTree = "<group>";
		};
		23AC2B1F175D835600FCFA71 /* Products */ = {
			isa = PBXGroup;
			children = (
				23AC2B1E175D835600FCFA71 /* BarMagnet.app */,
			);
			name = Products;
			sourceTree = "<group>";
		};
		23AC2B20175D835600FCFA71 /* Frameworks */ = {
			isa = PBXGroup;
			children = (
				230C478318948FD7007D56FC /* AVFoundation.framework */,
				230C478018948FC6007D56FC /* CoreMedia.framework */,
				230C477E18948FBD007D56FC /* CoreVideo.framework */,
				23B6E23117A337C9003D3B7C /* Accelerate.framework */,
				238A94D517A121C30081EF6D /* OpenGLES.framework */,
				238A94D317A121B70081EF6D /* QuartzCore.framework */,
				2374DD9D1796F23100F613EB /* MessageUI.framework */,
				23AC2B25175D835600FCFA71 /* CoreGraphics.framework */,
				23AC2B23175D835600FCFA71 /* Foundation.framework */,
				23AC2B21175D835600FCFA71 /* UIKit.framework */,
			);
			name = Frameworks;
			sourceTree = "<group>";
		};
		23AC2B27175D835600FCFA71 /* Sources */ = {
			isa = PBXGroup;
			children = (
				23AC2B30175D835600FCFA71 /* AppDelegate.h */,
				23AC2B31175D835600FCFA71 /* AppDelegate.m */,
				9E46C8321F68C8A600EA2DED /* Web Controller */,
				9E46C8381F68C8E700EA2DED /* Functions */,
				9E46C8391F68C90900EA2DED /* Connection Handler */,
				9E46C8401F68CC0400EA2DED /* Bencode */,
				9E46C83E1F68CAB800EA2DED /* Torrent Interface */,
				9E46C83C1F68CA6500EA2DED /* View Controllers */,
				9E46C83D1F68CA8700EA2DED /* Custom UI */,
				235120071769C49000A3DE2C /* Main.storyboard */,
				235527651872723700A9E6BC /* Images.xcassets */,
				9E46C8431F68CD9200EA2DED /* Supporting Files */,
			);
			path = Sources;
			sourceTree = "<group>";
		};
		23F0375B18C153BD00B4D289 /* SVWebViewController */ = {
			isa = PBXGroup;
			children = (
				23F0375C18C153BD00B4D289 /* SVWebViewController.strings */,
				23F0376318C153BD00B4D289 /* SVModalWebViewController.h */,
				23F0376418C153BD00B4D289 /* SVModalWebViewController.m */,
				23F0376518C153BD00B4D289 /* SVWebViewController.bundle */,
				23F0376618C153BD00B4D289 /* SVWebViewController.h */,
				23F0376718C153BD00B4D289 /* SVWebViewController.m */,
				23F0376818C153BD00B4D289 /* UIActivities */,
			);
			name = SVWebViewController;
			path = SVWebViewController/SVWebViewController;
			sourceTree = "<group>";
		};
		23F0376818C153BD00B4D289 /* UIActivities */ = {
			isa = PBXGroup;
			children = (
				23F0376918C153BD00B4D289 /* Chrome */,
				23F0376F18C153BD00B4D289 /* Safari */,
				23F0377518C153BD00B4D289 /* SVWebViewControllerActivity.h */,
				23F0377618C153BD00B4D289 /* SVWebViewControllerActivity.m */,
			);
			path = UIActivities;
			sourceTree = "<group>";
		};
		23F0376918C153BD00B4D289 /* Chrome */ = {
			isa = PBXGroup;
			children = (
				23F0376A18C153BD00B4D289 /* SVWebViewControllerActivityChrome-iPad.png */,
				23F0376B18C153BD00B4D289 /* SVWebViewControllerActivityChrome-iPad@2x.png */,
				23F0376C18C153BD00B4D289 /* SVWebViewControllerActivityChrome.h */,
				23F0376D18C153BD00B4D289 /* SVWebViewControllerActivityChrome.m */,
				23F0376E18C153BD00B4D289 /* SVWebViewControllerActivityChrome@2x.png */,
			);
			path = Chrome;
			sourceTree = "<group>";
		};
		23F0376F18C153BD00B4D289 /* Safari */ = {
			isa = PBXGroup;
			children = (
				23F0377018C153BD00B4D289 /* SVWebViewControllerActivitySafari-iPad.png */,
				23F0377118C153BD00B4D289 /* SVWebViewControllerActivitySafari-iPad@2x.png */,
				23F0377218C153BD00B4D289 /* SVWebViewControllerActivitySafari.h */,
				23F0377318C153BD00B4D289 /* SVWebViewControllerActivitySafari.m */,
				23F0377418C153BD00B4D289 /* SVWebViewControllerActivitySafari@2x.png */,
			);
			path = Safari;
			sourceTree = "<group>";
		};
		9E46C8321F68C8A600EA2DED /* Web Controller */ = {
			isa = PBXGroup;
			children = (
				9E46C8331F68C8CB00EA2DED /* TorrentDownloaderModalWebViewController.h */,
				9E46C8351F68C8CB00EA2DED /* TorrentDownloaderModalWebViewController.m */,
				9E46C8361F68C8CB00EA2DED /* TorrentDownloaderWebViewController.h */,
				9E46C8341F68C8CB00EA2DED /* TorrentDownloaderWebViewController.m */,
			);
			path = "Web Controller";
			sourceTree = "<group>";
		};
		9E46C8381F68C8E700EA2DED /* Functions */ = {
			isa = PBXGroup;
			children = (
				23A868F318BF383E0066E383 /* NSNumber+TransferRateFormatting.h */,
				23A868F418BF383E0066E383 /* NSNumber+TransferRateFormatting.m */,
				23A868F518BF383E0066E383 /* NSOption.h */,
				23A868F618BF383E0066E383 /* NSOption.m */,
				23F3E09F189F59C700A8105A /* FileHandler.h */,
				23F3E0A0189F59C700A8105A /* FileHandler.m */,
				23A868F918BF38750066E383 /* NSArray+Functions.h */,
				23A868FA18BF38750066E383 /* NSArray+Functions.m */,
			);
			path = Functions;
			sourceTree = "<group>";
		};
		9E46C8391F68C90900EA2DED /* Connection Handler */ = {
			isa = PBXGroup;
			children = (
				23A868FC18BF38800066E383 /* ConnectionHandler.h */,
				23A868FD18BF38800066E383 /* ConnectionHandler.m */,
				23A868FF18BF388D0066E383 /* TorrentFileHandler.h */,
				23A8690018BF388D0066E383 /* TorrentFileHandler.m */,
				23A8690118BF388D0066E383 /* TorrentJobChecker.h */,
				23A8690218BF388D0066E383 /* TorrentJobChecker.m */,
			);
			path = "Connection Handler";
			sourceTree = "<group>";
		};
		9E46C83C1F68CA6500EA2DED /* View Controllers */ = {
			isa = PBXGroup;
			children = (
				23AC2B3F175D835600FCFA71 /* TorrentJobsTableViewController.h */,
				23AC2B40175D835600FCFA71 /* TorrentJobsTableViewController.m */,
				232B0FA3178C356700A7B3DC /* TorrentDetailViewController.h */,
				232B0FA4178C356700A7B3DC /* TorrentDetailViewController.m */,
				23F3E099189F236300A8105A /* TorrentClientTableViewController.h */,
				23F3E09A189F236300A8105A /* TorrentClientTableViewController.m */,
				23F3E09C189F30EF00A8105A /* AddTorrentClientTableViewController.h */,
				23F3E09D189F30EF00A8105A /* AddTorrentClientTableViewController.m */,
				23B35F841894A115002F6E37 /* ScanQRCodeViewController.h */,
				23B35F851894A115002F6E37 /* ScanQRCodeViewController.m */,
				9EC45B661FAD857200B966C6 /* XirvikQRCodeViewController.h */,
				9EC45B671FAD857200B966C6 /* XirvikQRCodeViewController.m */,
				232AE18C1891E40100D3F018 /* QueryTableViewController.h */,
				232AE18D1891E40100D3F018 /* QueryTableViewController.m */,
				232AE18F1891EE7400D3F018 /* AddQueryTableViewController.h */,
				232AE1901891EE7400D3F018 /* AddQueryTableViewController.m */,
				23A94F20183CD6B7004A3924 /* UINavigationControllerNoAutoRotation.h */,
				23A94F21183CD6B7004A3924 /* UINavigationControllerNoAutoRotation.m */,
				235527621872568D00A9E6BC /* AboutViewController.h */,
				235527631872568D00A9E6BC /* AboutViewController.m */,
				23AF74DE1796D5F700AC4ED5 /* StaticDataTableViewController.h */,
				23AF74DF1796D5F700AC4ED5 /* StaticDataTableViewController.m */,
			);
			path = "View Controllers";
			sourceTree = "<group>";
		};
		9E46C83D1F68CA8700EA2DED /* Custom UI */ = {
			isa = PBXGroup;
			children = (
				9EA17DB51F836A550032B9EA /* TransferTotal.xib */,
				9EEBC0D41F8374C400881126 /* TransferTotal.h */,
				9EEBC0D51F8374C400881126 /* TransferTotal.m */,
				23FC25D61788F1D500CCE434 /* TorrentJobCheckerCell.h */,
				23FC25D71788F1D500CCE434 /* TorrentJobCheckerCell.m */,
				232AE192189206C000D3F018 /* UITextField+UniqueString.h */,
				232AE193189206C000D3F018 /* UITextField+UniqueString.m */,
				2396C9291895EA88009BC6D3 /* UIFastProgressBar.h */,
				2396C92A1895EA88009BC6D3 /* UIFastProgressBar.m */,
				23A8692A18BF39BD0066E383 /* QueryCell.h */,
				23A8692B18BF39BD0066E383 /* QueryCell.m */,
			);
			path = "Custom UI";
			sourceTree = "<group>";
		};
		9E46C83E1F68CAB800EA2DED /* Torrent Interface */ = {
			isa = PBXGroup;
			children = (
				23A8690518BF389D0066E383 /* TorrentDelegate.h */,
				23A8690618BF389D0066E383 /* TorrentDelegate.m */,
				23A8691118BF38C10066E383 /* TorrentClient.h */,
				23A8691218BF38C10066E383 /* TorrentClient.m */,
				9E46C83F1F68CAC900EA2DED /* Front End */,
			);
			path = "Torrent Interface";
			sourceTree = "<group>";
		};
		9E46C83F1F68CAC900EA2DED /* Front End */ = {
			isa = PBXGroup;
			children = (
				23A8691418BF38CC0066E383 /* Deluge.h */,
				23A8691518BF38CC0066E383 /* Deluge.m */,
				23A8691718BF38D40066E383 /* qBittorrent.h */,
				23A8691818BF38D40066E383 /* qBittorrent.m */,
				23A8691A18BF38DF0066E383 /* ruTorrent.h */,
				23A8691B18BF38DF0066E383 /* ruTorrent.m */,
				2379764019654B0400279520 /* ruTorrentHTTPRPC.h */,
				2379763E19654AF500279520 /* ruTorrentHTTPRPC.m */,
				23DF81CA18C1F4FA005BAB1C /* rTorrentXMLRPC.h */,
				23DF81CB18C1F4FA005BAB1C /* rTorrentXMLRPC.m */,
				23DF81CD18C2C71D005BAB1C /* SeedStuffSeedbox.h */,
				23DF81CE18C2C71D005BAB1C /* SeedStuffSeedbox.m */,
				23A8691D18BF38E90066E383 /* Synology.h */,
				23A8691E18BF38E90066E383 /* Synology.m */,
				23A8692018BF38F30066E383 /* Transmission.h */,
				23A8692118BF38F30066E383 /* Transmission.m */,
				23A8692318BF38FD0066E383 /* uTorrent.h */,
				23A8692418BF38FD0066E383 /* uTorrent.m */,
				23A8692618BF390A0066E383 /* VuzeRemoteUI.h */,
				23A8692718BF390A0066E383 /* VuzeRemoteUI.m */,
				9EA311861BB6515400A91454 /* Xirvik_rTorrent.h */,
				9EA311871BB6515400A91454 /* Xirvik_rTorrent.m */,
				9EC45B631FAD5AA900B966C6 /* Xirvik_Deluge.h */,
				9EC45B641FAD5AA900B966C6 /* Xirvik_Deluge.m */,
			);
			path = "Front End";
			sourceTree = "<group>";
		};
		9E46C8401F68CC0400EA2DED /* Bencode */ = {
			isa = PBXGroup;
			children = (
				23A8690818BF38A90066E383 /* NSData+BEncode.h */,
				23A8690918BF38A90066E383 /* NSData+BEncode.m */,
			);
			path = Bencode;
			sourceTree = "<group>";
		};
		9E46C8421F68CD7800EA2DED /* Images */ = {
			isa = PBXGroup;
			children = (
				23314150177FE95E0062B0FE /* gear.png */,
				23314151177FE95E0062B0FE /* gear@2x.png */,
				2355275B18722A8600A9E6BC /* info.png */,
				2355275C18722A8600A9E6BC /* info@2x.png */,
				235527531871718300A9E6BC /* UIButtonBarPause.png */,
				235527541871718300A9E6BC /* UIButtonBarPause@2x.png */,
				235527551871718300A9E6BC /* UIButtonBarPlay.png */,
				235527561871718300A9E6BC /* UIButtonBarPlay@2x.png */,
				237570AF1877B742008217BF /* UIButtonBarStop.png */,
				237570B01877B742008217BF /* UIButtonBarStop@2x.png */,
				9EA8DB141F87390100B852A6 /* Signal.png */,
				9EA8DB151F87390200B852A6 /* Signal@2x.png */,
				9EC864591F83589A00E87E7E /* Safari.png */,
				9EC864581F83589900E87E7E /* Safari@2x.png */,
				9E598AE41F8742EB0078216A /* Sorting.png */,
				9E598AE51F8742EB0078216A /* Sorting@2x.png */,
			);
			path = Images;
			sourceTree = "<group>";
		};
		9E46C8431F68CD9200EA2DED /* Supporting Files */ = {
			isa = PBXGroup;
			children = (
				9E46C8421F68CD7800EA2DED /* Images */,
				23A8690E18BF38BA0066E383 /* StringHandler.h */,
				23A8690F18BF38BA0066E383 /* StringHandler.m */,
				23AC2B29175D835600FCFA71 /* BarMagnet-Info.plist */,
				2346A5A318A8C2F0005EE9C0 /* AdBlocker.plist */,
				23AC2B2A175D835600FCFA71 /* InfoPlist.strings */,
				23AC2B2D175D835600FCFA71 /* main.m */,
				23AC2B2F175D835600FCFA71 /* BarMagnet-Prefix.pch */,
			);
			path = "Supporting Files";
			sourceTree = "<group>";
		};
		9E722FCD1F73441300023517 /* TSMessages */ = {
			isa = PBXGroup;
			children = (
				9E7231401F73441400023517 /* Pod */,
				9E7231781F73441400023517 /* Submodules */,
			);
			path = TSMessages;
			sourceTree = "<group>";
		};
		9E7231401F73441400023517 /* Pod */ = {
			isa = PBXGroup;
			children = (
				9E7231411F73441400023517 /* Assets */,
				9E7231541F73441400023517 /* Classes */,
			);
			path = Pod;
			sourceTree = "<group>";
		};
		9E7231411F73441400023517 /* Assets */ = {
			isa = PBXGroup;
			children = (
				9E7231421F73441400023517 /* .gitkeep */,
				9E7231431F73441400023517 /* NotificationBackgroundError.png */,
				9E7231441F73441400023517 /* NotificationBackgroundError@2x.png */,
				9E7231451F73441400023517 /* NotificationBackgroundErrorIcon.png */,
				9E7231461F73441400023517 /* NotificationBackgroundErrorIcon@2x.png */,
				9E7231471F73441400023517 /* NotificationBackgroundMessage.png */,
				9E7231481F73441400023517 /* NotificationBackgroundMessage@2x.png */,
				9E7231491F73441400023517 /* NotificationBackgroundSuccess.png */,
				9E72314A1F73441400023517 /* NotificationBackgroundSuccess@2x.png */,
				9E72314B1F73441400023517 /* NotificationBackgroundSuccessIcon.png */,
				9E72314C1F73441400023517 /* NotificationBackgroundSuccessIcon@2x.png */,
				9E72314D1F73441400023517 /* NotificationBackgroundWarning.png */,
				9E72314E1F73441400023517 /* NotificationBackgroundWarning@2x.png */,
				9E72314F1F73441400023517 /* NotificationBackgroundWarningIcon.png */,
				9E7231501F73441400023517 /* NotificationBackgroundWarningIcon@2x.png */,
				9E7231511F73441400023517 /* NotificationButtonBackground.png */,
				9E7231521F73441400023517 /* NotificationButtonBackground@2x.png */,
				9E7231531F73441400023517 /* TSMessagesDefaultDesign.json */,
			);
			path = Assets;
			sourceTree = "<group>";
		};
		9E7231541F73441400023517 /* Classes */ = {
			isa = PBXGroup;
			children = (
				9E7231561F73441400023517 /* TSBlurView.h */,
				9E7231571F73441400023517 /* TSBlurView.m */,
				9E7231581F73441400023517 /* TSMessage.h */,
				9E7231591F73441400023517 /* TSMessage.m */,
				9E72315A1F73441400023517 /* TSMessageView.h */,
				9E72315B1F73441400023517 /* TSMessageView.m */,
			);
			path = Classes;
			sourceTree = "<group>";
		};
		9E7231781F73441400023517 /* Submodules */ = {
			isa = PBXGroup;
			children = (
				9E7231791F73441400023517 /* HexColors */,
			);
			path = Submodules;
			sourceTree = "<group>";
		};
		9E7231791F73441400023517 /* HexColors */ = {
			isa = PBXGroup;
			children = (
				9E72317B1F73441400023517 /* Classes */,
			);
			path = HexColors;
			sourceTree = "<group>";
		};
		9E72317B1F73441400023517 /* Classes */ = {
			isa = PBXGroup;
			children = (
				9E72317C1F73441400023517 /* HexColors.h */,
				9E72317D1F73441400023517 /* HexColors.m */,
			);
			path = Classes;
			sourceTree = "<group>";
		};
/* End PBXGroup section */

/* Begin PBXNativeTarget section */
		23AC2B1D175D835600FCFA71 /* BarMagnet */ = {
			isa = PBXNativeTarget;
			buildConfigurationList = 23AC2B64175D835600FCFA71 /* Build configuration list for PBXNativeTarget "BarMagnet" */;
			buildPhases = (
				23AC2B1A175D835600FCFA71 /* Sources */,
				23AC2B1B175D835600FCFA71 /* Frameworks */,
				23AC2B1C175D835600FCFA71 /* Resources */,
				23AC2BBB175D905600FCFA71 /* CopyFiles */,
				76323B541BC9645D006495F3 /* Embed Watch Content */,
			);
			buildRules = (
			);
			dependencies = (
				23A868F118BF36ED0066E383 /* PBXTargetDependency */,
			);
			name = BarMagnet;
			productName = BarMagnet;
			productReference = 23AC2B1E175D835600FCFA71 /* BarMagnet.app */;
			productType = "com.apple.product-type.application";
		};
/* End PBXNativeTarget section */

/* Begin PBXProject section */
		23AC2B16175D835600FCFA71 /* Project object */ = {
			isa = PBXProject;
			attributes = {
				LastUpgradeCheck = 0900;
				ORGANIZATIONNAME = "Charlotte Tortorella";
				TargetAttributes = {
					23AC2B1D175D835600FCFA71 = {
						DevelopmentTeam = B52TY2Q6KY;
					};
				};
			};
			buildConfigurationList = 23AC2B19175D835600FCFA71 /* Build configuration list for PBXProject "BarMagnet" */;
			compatibilityVersion = "Xcode 3.2";
			developmentRegion = English;
			hasScannedForEncodings = 0;
			knownRegions = (
				English,
				en,
				da,
				"es-ES",
				es,
				fr,
				"zh-Hans",
				"zh-Hant",
				it,
				ja,
				Base,
			);
			mainGroup = 23AC2B15175D835600FCFA71;
			productRefGroup = 23AC2B1F175D835600FCFA71 /* Products */;
			projectDirPath = "";
			projectReferences = (
				{
					ProductGroup = 23A868EB18BF36DB0066E383 /* Products */;
					ProjectRef = 23A868EA18BF36DB0066E383 /* NSBencodeSerialization.xcodeproj */;
				},
			);
			projectRoot = "";
			targets = (
				23AC2B1D175D835600FCFA71 /* BarMagnet */,
			);
		};
/* End PBXProject section */

/* Begin PBXReferenceProxy section */
		23A868EF18BF36DB0066E383 /* libNSBencodeSerialization.a */ = {
			isa = PBXReferenceProxy;
			fileType = archive.ar;
			path = libNSBencodeSerialization.a;
			remoteRef = 23A868EE18BF36DB0066E383 /* PBXContainerItemProxy */;
			sourceTree = BUILT_PRODUCTS_DIR;
		};
/* End PBXReferenceProxy section */

/* Begin PBXResourcesBuildPhase section */
		23AC2B1C175D835600FCFA71 /* Resources */ = {
			isa = PBXResourcesBuildPhase;
			buildActionMask = 2147483647;
			files = (
				9E598AE61F8742EB0078216A /* Sorting.png in Resources */,
				235527581871718300A9E6BC /* UIButtonBarPause@2x.png in Resources */,
				235527661872723700A9E6BC /* Images.xcassets in Resources */,
				2346A5A418A8C2F0005EE9C0 /* AdBlocker.plist in Resources */,
				23F0377E18C153BD00B4D289 /* SVWebViewControllerActivityChrome-iPad@2x.png in Resources */,
				23F0378118C153BD00B4D289 /* SVWebViewControllerActivitySafari-iPad.png in Resources */,
				23AC2B2C175D835600FCFA71 /* InfoPlist.strings in Resources */,
				23F0379518C163A400B4D289 /* README.md in Resources */,
				23314153177FE95E0062B0FE /* gear@2x.png in Resources */,
				9E598AE71F8742EB0078216A /* Sorting@2x.png in Resources */,
				23F0377D18C153BD00B4D289 /* SVWebViewControllerActivityChrome-iPad.png in Resources */,
				9EA17DB61F836A550032B9EA /* TransferTotal.xib in Resources */,
				237570B11877B742008217BF /* UIButtonBarStop.png in Resources */,
				9EA8DB161F87390300B852A6 /* Signal.png in Resources */,
				23F0377918C153BD00B4D289 /* SVWebViewController.strings in Resources */,
				9EC8645A1F83589A00E87E7E /* Safari@2x.png in Resources */,
				2355275A1871718300A9E6BC /* UIButtonBarPlay@2x.png in Resources */,
				23314152177FE95E0062B0FE /* gear.png in Resources */,
				9EA8DB171F87390300B852A6 /* Signal@2x.png in Resources */,
				235527591871718300A9E6BC /* UIButtonBarPlay.png in Resources */,
				2351200A1769C49000A3DE2C /* Main.storyboard in Resources */,
				9EC8645B1F83589A00E87E7E /* Safari.png in Resources */,
				23F0378418C153BD00B4D289 /* SVWebViewControllerActivitySafari@2x.png in Resources */,
				2355275D18722A8600A9E6BC /* info.png in Resources */,
				2355275E18722A8600A9E6BC /* info@2x.png in Resources */,
				9E4357E71F75BA2D00D05DF0 /* TSMessagesDefaultDesign.json in Resources */,
				237570B21877B742008217BF /* UIButtonBarStop@2x.png in Resources */,
				2363424218C485A700F66225 /* LICENSE.txt in Resources */,
				235527571871718300A9E6BC /* UIButtonBarPause.png in Resources */,
				23F0378218C153BD00B4D289 /* SVWebViewControllerActivitySafari-iPad@2x.png in Resources */,
				23F0377B18C153BD00B4D289 /* SVWebViewController.bundle in Resources */,
				23F0378018C153BD00B4D289 /* SVWebViewControllerActivityChrome@2x.png in Resources */,
			);
			runOnlyForDeploymentPostprocessing = 0;
		};
/* End PBXResourcesBuildPhase section */

/* Begin PBXSourcesBuildPhase section */
		23AC2B1A175D835600FCFA71 /* Sources */ = {
			isa = PBXSourcesBuildPhase;
			buildActionMask = 2147483647;
			files = (
				23AC2B2E175D835600FCFA71 /* main.m in Sources */,
				9EC45B681FAD857200B966C6 /* XirvikQRCodeViewController.m in Sources */,
				23A8691F18BF38E90066E383 /* Synology.m in Sources */,
				9E46C83A1F68C9B600EA2DED /* TorrentDownloaderModalWebViewController.m in Sources */,
				9EEBC0D61F8374C400881126 /* TransferTotal.m in Sources */,
				23A8691C18BF38DF0066E383 /* ruTorrent.m in Sources */,
				23A8691618BF38CC0066E383 /* Deluge.m in Sources */,
				23F0377F18C153BD00B4D289 /* SVWebViewControllerActivityChrome.m in Sources */,
				9EA311881BB6515400A91454 /* Xirvik_rTorrent.m in Sources */,
				23AC2B32175D835600FCFA71 /* AppDelegate.m in Sources */,
				23AC2B41175D835600FCFA71 /* TorrentJobsTableViewController.m in Sources */,
				232B0FA5178C356700A7B3DC /* TorrentDetailViewController.m in Sources */,
				2396C92B1895EA88009BC6D3 /* UIFastProgressBar.m in Sources */,
				23F0378318C153BD00B4D289 /* SVWebViewControllerActivitySafari.m in Sources */,
				23F3E0A1189F59C700A8105A /* FileHandler.m in Sources */,
				23A8692518BF38FD0066E383 /* uTorrent.m in Sources */,
				23A868FB18BF38750066E383 /* NSArray+Functions.m in Sources */,
				23DF81CF18C2C71D005BAB1C /* SeedStuffSeedbox.m in Sources */,
				23A8690318BF388D0066E383 /* TorrentFileHandler.m in Sources */,
				23A94F22183CD6B7004A3924 /* UINavigationControllerNoAutoRotation.m in Sources */,
				23AF74E01796D5F700AC4ED5 /* StaticDataTableViewController.m in Sources */,
				23A8691318BF38C10066E383 /* TorrentClient.m in Sources */,
				232AE194189206C000D3F018 /* UITextField+UniqueString.m in Sources */,
				23B35F861894A115002F6E37 /* ScanQRCodeViewController.m in Sources */,
				23F3E09B189F236300A8105A /* TorrentClientTableViewController.m in Sources */,
				23A8691918BF38D40066E383 /* qBittorrent.m in Sources */,
				23FC25D81788F1D500CCE434 /* TorrentJobCheckerCell.m in Sources */,
				9EC45B651FAD5AA900B966C6 /* Xirvik_Deluge.m in Sources */,
				23A8691018BF38BA0066E383 /* StringHandler.m in Sources */,
				23DF81CC18C1F4FA005BAB1C /* rTorrentXMLRPC.m in Sources */,
				23F3E09E189F30EF00A8105A /* AddTorrentClientTableViewController.m in Sources */,
				23A8692218BF38F30066E383 /* Transmission.m in Sources */,
				9E7231C81F73449B00023517 /* TSMessage.m in Sources */,
				23A868FE18BF38800066E383 /* ConnectionHandler.m in Sources */,
				23F0377A18C153BD00B4D289 /* SVModalWebViewController.m in Sources */,
				9E7231C91F73449B00023517 /* TSMessageView.m in Sources */,
				9E46C83B1F68C9BE00EA2DED /* TorrentDownloaderWebViewController.m in Sources */,
				2379763F19654AF500279520 /* ruTorrentHTTPRPC.m in Sources */,
				235527641872568D00A9E6BC /* AboutViewController.m in Sources */,
				232AE1911891EE7400D3F018 /* AddQueryTableViewController.m in Sources */,
				23F0378518C153BD00B4D289 /* SVWebViewControllerActivity.m in Sources */,
				23A8690718BF389D0066E383 /* TorrentDelegate.m in Sources */,
				23F0377C18C153BD00B4D289 /* SVWebViewController.m in Sources */,
				23A8690418BF388D0066E383 /* TorrentJobChecker.m in Sources */,
				23A8692C18BF39BD0066E383 /* QueryCell.m in Sources */,
				23A8692818BF390A0066E383 /* VuzeRemoteUI.m in Sources */,
				232AE18E1891E40100D3F018 /* QueryTableViewController.m in Sources */,
				23A868F818BF383E0066E383 /* NSOption.m in Sources */,
				23A8690A18BF38A90066E383 /* NSData+BEncode.m in Sources */,
				9E7231C61F73449300023517 /* HexColors.m in Sources */,
				23A868F718BF383E0066E383 /* NSNumber+TransferRateFormatting.m in Sources */,
				9E7231C71F73449B00023517 /* TSBlurView.m in Sources */,
			);
			runOnlyForDeploymentPostprocessing = 0;
		};
/* End PBXSourcesBuildPhase section */

/* Begin PBXTargetDependency section */
		23A868F118BF36ED0066E383 /* PBXTargetDependency */ = {
			isa = PBXTargetDependency;
			name = NSBencodeSerialization;
			targetProxy = 23A868F018BF36ED0066E383 /* PBXContainerItemProxy */;
		};
/* End PBXTargetDependency section */

/* Begin PBXVariantGroup section */
		235120071769C49000A3DE2C /* Main.storyboard */ = {
			isa = PBXVariantGroup;
			children = (
				9EA17DB41F8361410032B9EA /* Base */,
			);
			name = Main.storyboard;
			path = ..;
			sourceTree = "<group>";
		};
		23AC2B2A175D835600FCFA71 /* InfoPlist.strings */ = {
			isa = PBXVariantGroup;
			children = (
				23AC2B2B175D835600FCFA71 /* en */,
				23704DF01880C6380029AB17 /* it */,
			);
			name = InfoPlist.strings;
			sourceTree = "<group>";
		};
		23F0375C18C153BD00B4D289 /* SVWebViewController.strings */ = {
			isa = PBXVariantGroup;
			children = (
				23F0375D18C153BD00B4D289 /* da */,
				23F0375E18C153BD00B4D289 /* en */,
				23F0375F18C153BD00B4D289 /* es-ES */,
				23F0376018C153BD00B4D289 /* es */,
				23F0376118C153BD00B4D289 /* fr */,
				23F0376218C153BD00B4D289 /* ja */,
				23F0377718C153BD00B4D289 /* zh-Hans */,
				23F0377818C153BD00B4D289 /* zh-Hant */,
			);
			name = SVWebViewController.strings;
			sourceTree = "<group>";
		};
/* End PBXVariantGroup section */

/* Begin XCBuildConfiguration section */
		23AC2B62175D835600FCFA71 /* Debug */ = {
			isa = XCBuildConfiguration;
			buildSettings = {
				ALWAYS_SEARCH_USER_PATHS = YES;
				CLANG_ANALYZER_LOCALIZABILITY_NONLOCALIZED = YES;
				CLANG_CXX_LANGUAGE_STANDARD = "gnu++0x";
				CLANG_CXX_LIBRARY = "libc++";
				CLANG_ENABLE_OBJC_ARC = YES;
				CLANG_WARN_BLOCK_CAPTURE_AUTORELEASING = YES;
				CLANG_WARN_BOOL_CONVERSION = YES;
				CLANG_WARN_COMMA = YES;
				CLANG_WARN_CONSTANT_CONVERSION = YES;
				CLANG_WARN_EMPTY_BODY = YES;
				CLANG_WARN_ENUM_CONVERSION = YES;
				CLANG_WARN_INFINITE_RECURSION = YES;
				CLANG_WARN_INT_CONVERSION = YES;
				CLANG_WARN_NON_LITERAL_NULL_CONVERSION = YES;
				CLANG_WARN_OBJC_LITERAL_CONVERSION = YES;
				CLANG_WARN_RANGE_LOOP_ANALYSIS = YES;
				CLANG_WARN_STRICT_PROTOTYPES = YES;
				CLANG_WARN_SUSPICIOUS_MOVE = YES;
				CLANG_WARN_UNREACHABLE_CODE = YES;
				CLANG_WARN__DUPLICATE_METHOD_MATCH = YES;
				CODE_SIGN_IDENTITY = "iPhone Developer";
				"CODE_SIGN_IDENTITY[sdk=iphoneos*]" = "iPhone Developer: Charlotte Tortorella (F688N26J6J)";
				COPY_PHASE_STRIP = NO;
				ENABLE_STRICT_OBJC_MSGSEND = YES;
				ENABLE_TESTABILITY = YES;
				GCC_C_LANGUAGE_STANDARD = gnu99;
				GCC_DYNAMIC_NO_PIC = NO;
				GCC_NO_COMMON_BLOCKS = YES;
				GCC_OPTIMIZATION_LEVEL = 0;
				GCC_PREPROCESSOR_DEFINITIONS = (
					"DEBUG=1",
					"$(inherited)",
				);
				GCC_SYMBOLS_PRIVATE_EXTERN = NO;
				GCC_WARN_64_TO_32_BIT_CONVERSION = YES;
				GCC_WARN_ABOUT_RETURN_TYPE = YES;
				GCC_WARN_UNDECLARED_SELECTOR = YES;
				GCC_WARN_UNINITIALIZED_AUTOS = YES;
				GCC_WARN_UNUSED_FUNCTION = YES;
				GCC_WARN_UNUSED_VARIABLE = YES;
				HEADER_SEARCH_PATHS = "$(SRCROOT)/Source/External/functionalkit/src";
				IPHONEOS_DEPLOYMENT_TARGET = 9.0;
				ONLY_ACTIVE_ARCH = YES;
				PROVISIONING_PROFILE = "e5cda7f7-7ac7-4fac-a278-679cbc8b8aea";
				SDKROOT = iphoneos;
				TARGETED_DEVICE_FAMILY = "1,2";
				VALID_ARCHS = "arm64 armv7 armv7s armv6";
			};
			name = Debug;
		};
		23AC2B63175D835600FCFA71 /* Release */ = {
			isa = XCBuildConfiguration;
			buildSettings = {
				ALWAYS_SEARCH_USER_PATHS = YES;
				CLANG_ANALYZER_LOCALIZABILITY_NONLOCALIZED = YES;
				CLANG_CXX_LANGUAGE_STANDARD = "gnu++0x";
				CLANG_CXX_LIBRARY = "libc++";
				CLANG_ENABLE_OBJC_ARC = YES;
				CLANG_WARN_BLOCK_CAPTURE_AUTORELEASING = YES;
				CLANG_WARN_BOOL_CONVERSION = YES;
				CLANG_WARN_COMMA = YES;
				CLANG_WARN_CONSTANT_CONVERSION = YES;
				CLANG_WARN_EMPTY_BODY = YES;
				CLANG_WARN_ENUM_CONVERSION = YES;
				CLANG_WARN_INFINITE_RECURSION = YES;
				CLANG_WARN_INT_CONVERSION = YES;
				CLANG_WARN_NON_LITERAL_NULL_CONVERSION = YES;
				CLANG_WARN_OBJC_LITERAL_CONVERSION = YES;
				CLANG_WARN_RANGE_LOOP_ANALYSIS = YES;
				CLANG_WARN_STRICT_PROTOTYPES = YES;
				CLANG_WARN_SUSPICIOUS_MOVE = YES;
				CLANG_WARN_UNREACHABLE_CODE = YES;
				CLANG_WARN__DUPLICATE_METHOD_MATCH = YES;
				CODE_SIGN_IDENTITY = "iPhone Developer";
				"CODE_SIGN_IDENTITY[sdk=iphoneos*]" = "iPhone Distribution: Charlotte Tortorella (P7852E8EWD)";
				COPY_PHASE_STRIP = YES;
				ENABLE_STRICT_OBJC_MSGSEND = YES;
				GCC_C_LANGUAGE_STANDARD = gnu99;
				GCC_NO_COMMON_BLOCKS = YES;
				GCC_WARN_64_TO_32_BIT_CONVERSION = YES;
				GCC_WARN_ABOUT_RETURN_TYPE = YES;
				GCC_WARN_UNDECLARED_SELECTOR = YES;
				GCC_WARN_UNINITIALIZED_AUTOS = YES;
				GCC_WARN_UNUSED_FUNCTION = YES;
				GCC_WARN_UNUSED_VARIABLE = YES;
				HEADER_SEARCH_PATHS = "$(SRCROOT)/Source/External/functionalkit/src";
				IPHONEOS_DEPLOYMENT_TARGET = 9.0;
				OTHER_CFLAGS = "-DNS_BLOCK_ASSERTIONS=1";
				PROVISIONING_PROFILE = "c3e858bc-db73-4e41-83c2-2fdd29c1d414";
				SDKROOT = iphoneos;
				TARGETED_DEVICE_FAMILY = "1,2";
				VALIDATE_PRODUCT = YES;
				VALID_ARCHS = "arm64 armv7 armv7s armv6";
			};
			name = Release;
		};
		23AC2B65175D835600FCFA71 /* Debug */ = {
			isa = XCBuildConfiguration;
			buildSettings = {
				ASSETCATALOG_COMPILER_APPICON_NAME = AppIcon;
				CLANG_ENABLE_MODULES = YES;
				CODE_SIGN_ENTITLEMENTS = BarMagnet.entitlements;
				CODE_SIGN_IDENTITY = "iPhone Developer";
				"CODE_SIGN_IDENTITY[sdk=iphoneos*]" = "iPhone Developer";
				CODE_SIGN_RESOURCE_RULES_PATH = "$(SDKROOT)/ResourceRules.plist";
				DEBUG_INFORMATION_FORMAT = dwarf;
				DEVELOPMENT_TEAM = B52TY2Q6KY;
				GCC_C_LANGUAGE_STANDARD = gnu99;
				GCC_PRECOMPILE_PREFIX_HEADER = YES;
				GCC_PREFIX_HEADER = "Sources/Supporting Files/BarMagnet-Prefix.pch";
				GCC_PREPROCESSOR_DEFINITIONS = "$(inherited)";
				HEADER_SEARCH_PATHS = (
					"$(SRCROOT)/NSBencodeSerialization/M13OrderedDictionary",
					"$(SRCROOT)/NSBencodeSerialization/NSBencodeSerialization",
				);
				INFOPLIST_FILE = "Sources/Supporting Files/BarMagnet-Info.plist";
				IPHONEOS_DEPLOYMENT_TARGET = 9.0;
				LIBRARY_SEARCH_PATHS = (
					"$(inherited)",
					"$(SRCROOT)/Sources",
					"$(USER_LIBRARY_DIR)/Developer/Xcode/DerivedData/NSBencodeSerialization-ezakathubkhhsxayghzwbjqodwih/Build/Products/Debug-iphoneos",
				);
				MARKETING_VERSION = 2.0.1;
				ONLY_ACTIVE_ARCH = NO;
				PRODUCT_BUNDLE_IDENTIFIER = consulting.monadic.BarMagnet;
				PRODUCT_NAME = BarMagnet;
				PROVISIONING_PROFILE = "";
				SDKROOT = iphoneos;
				TARGETED_DEVICE_FAMILY = "1,2";
				WRAPPER_EXTENSION = app;
			};
			name = Debug;
		};
		23AC2B66175D835600FCFA71 /* Release */ = {
			isa = XCBuildConfiguration;
			buildSettings = {
				ASSETCATALOG_COMPILER_APPICON_NAME = AppIcon;
				CLANG_ENABLE_MODULES = YES;
				CODE_SIGN_ENTITLEMENTS = BarMagnet.entitlements;
				CODE_SIGN_IDENTITY = "iPhone Developer";
				"CODE_SIGN_IDENTITY[sdk=iphoneos*]" = "iPhone Developer";
				CODE_SIGN_RESOURCE_RULES_PATH = "$(SDKROOT)/ResourceRules.plist";
				COPY_PHASE_STRIP = NO;
				DEBUG_INFORMATION_FORMAT = dwarf;
				DEVELOPMENT_TEAM = B52TY2Q6KY;
				GCC_C_LANGUAGE_STANDARD = gnu99;
				GCC_PRECOMPILE_PREFIX_HEADER = YES;
				GCC_PREFIX_HEADER = "Sources/Supporting Files/BarMagnet-Prefix.pch";
				HEADER_SEARCH_PATHS = (
					"$(SRCROOT)/NSBencodeSerialization/M13OrderedDictionary",
					"$(SRCROOT)/NSBencodeSerialization/NSBencodeSerialization",
				);
				INFOPLIST_FILE = "Sources/Supporting Files/BarMagnet-Info.plist";
				IPHONEOS_DEPLOYMENT_TARGET = 9.0;
				LIBRARY_SEARCH_PATHS = (
					"$(inherited)",
					"$(SRCROOT)/Sources",
					"$(USER_LIBRARY_DIR)/Developer/Xcode/DerivedData/NSBencodeSerialization-ezakathubkhhsxayghzwbjqodwih/Build/Products/Debug-iphoneos",
				);
				MARKETING_VERSION = 2.0.1;
				ONLY_ACTIVE_ARCH = NO;
				PRODUCT_BUNDLE_IDENTIFIER = consulting.monadic.BarMagnet;
				PRODUCT_NAME = BarMagnet;
				PROVISIONING_PROFILE = "";
				SDKROOT = iphoneos;
				TARGETED_DEVICE_FAMILY = "1,2";
				WRAPPER_EXTENSION = app;
			};
			name = Release;
		};
/* End XCBuildConfiguration section */

/* Begin XCConfigurationList section */
		23AC2B19175D835600FCFA71 /* Build configuration list for PBXProject "BarMagnet" */ = {
			isa = XCConfigurationList;
			buildConfigurations = (
				23AC2B62175D835600FCFA71 /* Debug */,
				23AC2B63175D835600FCFA71 /* Release */,
			);
			defaultConfigurationIsVisible = 0;
			defaultConfigurationName = Release;
		};
		23AC2B64175D835600FCFA71 /* Build configuration list for PBXNativeTarget "BarMagnet" */ = {
			isa = XCConfigurationList;
			buildConfigurations = (
				23AC2B65175D835600FCFA71 /* Debug */,
				23AC2B66175D835600FCFA71 /* Release */,
			);
			defaultConfigurationIsVisible = 0;
			defaultConfigurationName = Release;
		};
/* End XCConfigurationList section */
	};
	rootObject = 23AC2B16175D835600FCFA71 /* Project object */;
}
